
Microsoft Visual Studio Solution File, Format Version 10.00
# Visual C++ Express 2008
Project("{8BC9CEB8-8B4A-11D0-8D11-00A0C91BC942}") = "CythonProj", "CythonProj.vcproj", "{1F29991D-D694-41E5-9800-14E9F4252359}"
EndProject
Project("{8BC9CEB8-8B4A-11D0-8D11-00A0C91BC942}") = "lib_gnomeDLL", "..\lib_gnomeDLL\lib_gnomeDLL.vcproj", "{A3C1BD3F-11C7-49D5-8371-9F7A512D4A15}"
EndProject
Global
	GlobalSection(SolutionConfigurationPlatforms) = preSolution
		Debug|Win32 = Debug|Win32
		Release|Win32 = Release|Win32
	EndGlobalSection
	GlobalSection(ProjectConfigurationPlatforms) = postSolution
		{1F29991D-D694-41E5-9800-14E9F4252359}.Debug|Win32.ActiveCfg = Debug|Win32
		{1F29991D-D694-41E5-9800-14E9F4252359}.Debug|Win32.Build.0 = Debug|Win32
		{1F29991D-D694-41E5-9800-14E9F4252359}.Release|Win32.ActiveCfg = Release|Win32
		{1F29991D-D694-41E5-9800-14E9F4252359}.Release|Win32.Build.0 = Release|Win32
		{A3C1BD3F-11C7-49D5-8371-9F7A512D4A15}.Debug|Win32.ActiveCfg = Debug|Win32
		{A3C1BD3F-11C7-49D5-8371-9F7A512D4A15}.Debug|Win32.Build.0 = Debug|Win32
		{A3C1BD3F-11C7-49D5-8371-9F7A512D4A15}.Release|Win32.ActiveCfg = Release|Win32
		{A3C1BD3F-11C7-49D5-8371-9F7A512D4A15}.Release|Win32.Build.0 = Release|Win32
	EndGlobalSection
	GlobalSection(SolutionProperties) = preSolution
		HideSolutionNode = FALSE
	EndGlobalSection
EndGlobal
