// !$*UTF8*$!
{
	archiveVersion = 1;
	classes = {
	};
	objectVersion = 42;
	objects = {

/* Begin PBXBuildFile section */
		ED208E70150D637F0047AC02 /* ADCPMover.cpp in Sources */ = {isa = PBXBuildFile; fileRef = ED208D7C150D637F0047AC02 /* ADCPMover.cpp */; };
		ED208E71150D637F0047AC02 /* ADCPTimeValue.cpp in Sources */ = {isa = PBXBuildFile; fileRef = ED208D7E150D637F0047AC02 /* ADCPTimeValue.cpp */; };
		ED208E72150D637F0047AC02 /* CarbonUtil.cpp in Sources */ = {isa = PBXBuildFile; fileRef = ED208D80150D637F0047AC02 /* CarbonUtil.cpp */; };
		ED208E73150D637F0047AC02 /* CDOGDialogs.cpp in Sources */ = {isa = PBXBuildFile; fileRef = ED208D82150D637F0047AC02 /* CDOGDialogs.cpp */; };
		ED208E74150D637F0047AC02 /* CDOGVarDischargeDialog.cpp in Sources */ = {isa = PBXBuildFile; fileRef = ED208D83150D637F0047AC02 /* CDOGVarDischargeDialog.cpp */; };
		ED208E75150D637F0047AC02 /* CLASSES.CPP in Sources */ = {isa = PBXBuildFile; fileRef = ED208D84150D637F0047AC02 /* CLASSES.CPP */; };
		ED208E76150D637F0047AC02 /* CMap2.cpp in Sources */ = {isa = PBXBuildFile; fileRef = ED208D86150D637F0047AC02 /* CMap2.cpp */; };
		ED208E77150D637F0047AC02 /* CMapLayer.cpp in Sources */ = {isa = PBXBuildFile; fileRef = ED208D88150D637F0047AC02 /* CMapLayer.cpp */; };
		ED208E7A150D637F0047AC02 /* CONTDLG.cpp in Sources */ = {isa = PBXBuildFile; fileRef = ED208D8D150D637F0047AC02 /* CONTDLG.cpp */; };
		ED208E7B150D637F0047AC02 /* CROSS.CPP in Sources */ = {isa = PBXBuildFile; fileRef = ED208D8F150D637F0047AC02 /* CROSS.CPP */; };
		ED208E7C150D637F0047AC02 /* CROSS2.CPP in Sources */ = {isa = PBXBuildFile; fileRef = ED208D91150D637F0047AC02 /* CROSS2.CPP */; };
		ED208E7F150D637F0047AC02 /* DIBUTIL.CPP in Sources */ = {isa = PBXBuildFile; fileRef = ED208D97150D637F0047AC02 /* DIBUTIL.CPP */; };
		ED208E80150D637F0047AC02 /* Dispersion.cpp in Sources */ = {isa = PBXBuildFile; fileRef = ED208D98150D637F0047AC02 /* Dispersion.cpp */; };
		ED208E81150D637F0047AC02 /* DRAW.CPP in Sources */ = {isa = PBXBuildFile; fileRef = ED208D99150D637F0047AC02 /* DRAW.CPP */; };
		ED208E82150D637F0047AC02 /* EditCDOGProfilesDialog.cpp in Sources */ = {isa = PBXBuildFile; fileRef = ED208D9B150D637F0047AC02 /* EditCDOGProfilesDialog.cpp */; };
		ED208E83150D637F0047AC02 /* EditWindsDialog.cpp in Sources */ = {isa = PBXBuildFile; fileRef = ED208D9D150D637F0047AC02 /* EditWindsDialog.cpp */; };
		ED208E84150D637F0047AC02 /* GENUTIL.CPP in Sources */ = {isa = PBXBuildFile; fileRef = ED208DA0150D637F0047AC02 /* GENUTIL.CPP */; };
		ED208E87150D637F0047AC02 /* Graphing.cpp in Sources */ = {isa = PBXBuildFile; fileRef = ED208DA5150D637F0047AC02 /* Graphing.cpp */; };
		ED208E88150D637F0047AC02 /* GraphingDlog.cpp in Sources */ = {isa = PBXBuildFile; fileRef = ED208DA7150D637F0047AC02 /* GraphingDlog.cpp */; };
		ED208E89150D637F0047AC02 /* GraphingDlog2.cpp in Sources */ = {isa = PBXBuildFile; fileRef = ED208DA8150D637F0047AC02 /* GraphingDlog2.cpp */; };
		ED208E8A150D637F0047AC02 /* GridCurMover.cpp in Sources */ = {isa = PBXBuildFile; fileRef = ED208DA9150D637F0047AC02 /* GridCurMover.cpp */; };
		ED208E8B150D637F0047AC02 /* GridVel.cpp in Sources */ = {isa = PBXBuildFile; fileRef = ED208DAB150D637F0047AC02 /* GridVel.cpp */; };
		ED208E8C150D637F0047AC02 /* GridWindMover.cpp in Sources */ = {isa = PBXBuildFile; fileRef = ED208DAD150D637F0047AC02 /* GridWindMover.cpp */; };
		ED208E8D150D637F0047AC02 /* LayerUtils.cpp in Sources */ = {isa = PBXBuildFile; fileRef = ED208DAF150D637F0047AC02 /* LayerUtils.cpp */; };
		ED208E8E150D637F0047AC02 /* LELISTS.CPP in Sources */ = {isa = PBXBuildFile; fileRef = ED208DB0150D637F0047AC02 /* LELISTS.CPP */; };
		ED208E8F150D637F0047AC02 /* MakeDagTree.cpp in Sources */ = {isa = PBXBuildFile; fileRef = ED208DB1150D637F0047AC02 /* MakeDagTree.cpp */; };
		ED208E90150D637F0047AC02 /* MakeMovie.cpp in Sources */ = {isa = PBXBuildFile; fileRef = ED208DB2150D637F0047AC02 /* MakeMovie.cpp */; };
		ED208E91150D637F0047AC02 /* MakeTriangles.cpp in Sources */ = {isa = PBXBuildFile; fileRef = ED208DB4150D637F0047AC02 /* MakeTriangles.cpp */; };
		ED208E92150D637F0047AC02 /* MapUtils.cpp in Sources */ = {isa = PBXBuildFile; fileRef = ED208DB5150D637F0047AC02 /* MapUtils.cpp */; };
		ED208E94150D637F0047AC02 /* MYFILES.CPP in Sources */ = {isa = PBXBuildFile; fileRef = ED208DBA150D637F0047AC02 /* MYFILES.CPP */; };
		ED208E95150D637F0047AC02 /* MYRANDOM.CPP in Sources */ = {isa = PBXBuildFile; fileRef = ED208DBB150D637F0047AC02 /* MYRANDOM.CPP */; };
		ED208E96150D637F0047AC02 /* NetCDFMover.cpp in Sources */ = {isa = PBXBuildFile; fileRef = ED208DBE150D637F0047AC02 /* NetCDFMover.cpp */; };
		ED208E97150D637F0047AC02 /* NetCDFMoverCurv.cpp in Sources */ = {isa = PBXBuildFile; fileRef = ED208DC0150D637F0047AC02 /* NetCDFMoverCurv.cpp */; };
		ED208E98150D637F0047AC02 /* NetCDFMoverTri.cpp in Sources */ = {isa = PBXBuildFile; fileRef = ED208DC2150D637F0047AC02 /* NetCDFMoverTri.cpp */; };
		ED208E99150D637F0047AC02 /* NetCDFStore.cpp in Sources */ = {isa = PBXBuildFile; fileRef = ED208DC4150D637F0047AC02 /* NetCDFStore.cpp */; };
		ED208E9A150D637F0047AC02 /* NetCDFWindMover.cpp in Sources */ = {isa = PBXBuildFile; fileRef = ED208DC6150D637F0047AC02 /* NetCDFWindMover.cpp */; };
		ED208E9B150D637F0047AC02 /* NetCDFWindMoverCurv.cpp in Sources */ = {isa = PBXBuildFile; fileRef = ED208DC8150D637F0047AC02 /* NetCDFWindMoverCurv.cpp */; };
		ED208E9C150D637F0047AC02 /* ObjectUtils.cpp in Sources */ = {isa = PBXBuildFile; fileRef = ED208DCA150D637F0047AC02 /* ObjectUtils.cpp */; };
		ED208E9D150D637F0047AC02 /* OSSM.CPP in Sources */ = {isa = PBXBuildFile; fileRef = ED208DCC150D637F0047AC02 /* OSSM.CPP */; };
		ED208E9E150D637F0047AC02 /* OUTILS.CPP in Sources */ = {isa = PBXBuildFile; fileRef = ED208DCE150D637F0047AC02 /* OUTILS.CPP */; };
		ED208E9F150D637F0047AC02 /* OUTPUT.CPP in Sources */ = {isa = PBXBuildFile; fileRef = ED208DD0150D637F0047AC02 /* OUTPUT.CPP */; };
		ED208EA0150D637F0047AC02 /* Overlays.cpp in Sources */ = {isa = PBXBuildFile; fileRef = ED208DD1150D637F0047AC02 /* Overlays.cpp */; };
		ED208EA1150D637F0047AC02 /* PolyUtils.cpp in Sources */ = {isa = PBXBuildFile; fileRef = ED208DD3150D637F0047AC02 /* PolyUtils.cpp */; };
		ED208EA2150D637F0047AC02 /* PtCurMap.cpp in Sources */ = {isa = PBXBuildFile; fileRef = ED208DD4150D637F0047AC02 /* PtCurMap.cpp */; };
		ED208EA3150D637F0047AC02 /* PtCurMover.cpp in Sources */ = {isa = PBXBuildFile; fileRef = ED208DD6150D637F0047AC02 /* PtCurMover.cpp */; };
		ED208EA5150D637F0047AC02 /* SAMENU.CPP in Sources */ = {isa = PBXBuildFile; fileRef = ED208DDA150D637F0047AC02 /* SAMENU.CPP */; };
		ED208EA6150D637F0047AC02 /* SAMENU_MDEF.cpp in Sources */ = {isa = PBXBuildFile; fileRef = ED208DDC150D637F0047AC02 /* SAMENU_MDEF.cpp */; };
		ED208EA7150D637F0047AC02 /* SETTINGS.CPP in Sources */ = {isa = PBXBuildFile; fileRef = ED208DDD150D637F0047AC02 /* SETTINGS.CPP */; };
		ED208EA8150D637F0047AC02 /* ShioCurrent1.cpp in Sources */ = {isa = PBXBuildFile; fileRef = ED208DDF150D637F0047AC02 /* ShioCurrent1.cpp */; };
		ED208EA9150D637F0047AC02 /* ShioCurrent2.cpp in Sources */ = {isa = PBXBuildFile; fileRef = ED208DE0150D637F0047AC02 /* ShioCurrent2.cpp */; };
		ED208EAA150D637F0047AC02 /* ShioHeight.cpp in Sources */ = {isa = PBXBuildFile; fileRef = ED208DE1150D637F0047AC02 /* ShioHeight.cpp */; };
		ED208EAB150D637F0047AC02 /* StringFunctions.cpp in Sources */ = {isa = PBXBuildFile; fileRef = ED208DE2150D637F0047AC02 /* StringFunctions.cpp */; };
		ED208EAC150D637F0047AC02 /* SYSTEM.CPP in Sources */ = {isa = PBXBuildFile; fileRef = ED208DE4150D637F0047AC02 /* SYSTEM.CPP */; };
		ED208EAD150D637F0047AC02 /* TCATSMover.cpp in Sources */ = {isa = PBXBuildFile; fileRef = ED208DE5150D637F0047AC02 /* TCATSMover.cpp */; };
		ED208EAE150D637F0047AC02 /* TCATSMover3D.cpp in Sources */ = {isa = PBXBuildFile; fileRef = ED208DE7150D637F0047AC02 /* TCATSMover3D.cpp */; };
		ED208EAF150D637F0047AC02 /* TClassID.cpp in Sources */ = {isa = PBXBuildFile; fileRef = ED208DE9150D637F0047AC02 /* TClassID.cpp */; };
		ED208EB0150D637F0047AC02 /* TComponentMover.cpp in Sources */ = {isa = PBXBuildFile; fileRef = ED208DEB150D637F0047AC02 /* TComponentMover.cpp */; };
		ED208EB1150D637F0047AC02 /* TCompoundMap.cpp in Sources */ = {isa = PBXBuildFile; fileRef = ED208DED150D637F0047AC02 /* TCompoundMap.cpp */; };
		ED208EB2150D637F0047AC02 /* TCompoundMover.cpp in Sources */ = {isa = PBXBuildFile; fileRef = ED208DEF150D637F0047AC02 /* TCompoundMover.cpp */; };
		ED208EB3150D637F0047AC02 /* TCurrentMover.cpp in Sources */ = {isa = PBXBuildFile; fileRef = ED208DF1150D637F0047AC02 /* TCurrentMover.cpp */; };
		ED208EB4150D637F0047AC02 /* TextRect.cpp in Sources */ = {isa = PBXBuildFile; fileRef = ED208DF3150D637F0047AC02 /* TextRect.cpp */; };
		ED208EB5150D637F0047AC02 /* TideCurCycleMover.cpp in Sources */ = {isa = PBXBuildFile; fileRef = ED208DF5150D637F0047AC02 /* TideCurCycleMover.cpp */; };
		ED208EB6150D637F0047AC02 /* TimeValuesIO.cpp in Sources */ = {isa = PBXBuildFile; fileRef = ED208DF7150D637F0047AC02 /* TimeValuesIO.cpp */; };
		ED208EB7150D637F0047AC02 /* TimUtils.cpp in Sources */ = {isa = PBXBuildFile; fileRef = ED208DF8150D637F0047AC02 /* TimUtils.cpp */; };
		ED208EB8150D637F0047AC02 /* TMap.cpp in Sources */ = {isa = PBXBuildFile; fileRef = ED208DFA150D637F0047AC02 /* TMap.cpp */; };
		ED208EB9150D637F0047AC02 /* TModel.cpp in Sources */ = {isa = PBXBuildFile; fileRef = ED208DFC150D637F0047AC02 /* TModel.cpp */; };
		ED208EBA150D637F0047AC02 /* TMover.cpp in Sources */ = {isa = PBXBuildFile; fileRef = ED208DFE150D637F0047AC02 /* TMover.cpp */; };
		ED208EBB150D637F0047AC02 /* TOSSMMap.cpp in Sources */ = {isa = PBXBuildFile; fileRef = ED208E00150D637F0047AC02 /* TOSSMMap.cpp */; };
		ED208EBC150D637F0047AC02 /* TOSSMTimeValue.cpp in Sources */ = {isa = PBXBuildFile; fileRef = ED208E01150D637F0047AC02 /* TOSSMTimeValue.cpp */; };
		ED208EBD150D637F0047AC02 /* TRandom.cpp in Sources */ = {isa = PBXBuildFile; fileRef = ED208E03150D637F0047AC02 /* TRandom.cpp */; };
		ED208EBE150D637F0047AC02 /* TRandom3D.cpp in Sources */ = {isa = PBXBuildFile; fileRef = ED208E05150D637F0047AC02 /* TRandom3D.cpp */; };
		ED208EBF150D637F0047AC02 /* TriCurMover.cpp in Sources */ = {isa = PBXBuildFile; fileRef = ED208E08150D637F0047AC02 /* TriCurMover.cpp */; };
		ED208EC0150D637F0047AC02 /* TShioTimeValue.cpp in Sources */ = {isa = PBXBuildFile; fileRef = ED208E0A150D637F0047AC02 /* TShioTimeValue.cpp */; };
		ED208EC1150D637F0047AC02 /* TSprayLEList.CPP in Sources */ = {isa = PBXBuildFile; fileRef = ED208E0C150D637F0047AC02 /* TSprayLEList.CPP */; };
		ED208EC2150D637F0047AC02 /* TTimeValue.cpp in Sources */ = {isa = PBXBuildFile; fileRef = ED208E0D150D637F0047AC02 /* TTimeValue.cpp */; };
		ED208EC3150D637F0047AC02 /* TVectMap.cpp in Sources */ = {isa = PBXBuildFile; fileRef = ED208E0F150D637F0047AC02 /* TVectMap.cpp */; };
		ED208EC4150D637F0047AC02 /* TWeather.cpp in Sources */ = {isa = PBXBuildFile; fileRef = ED208E10150D637F0047AC02 /* TWeather.cpp */; };
		ED208EC5150D637F0047AC02 /* TWindMover.cpp in Sources */ = {isa = PBXBuildFile; fileRef = ED208E11150D637F0047AC02 /* TWindMover.cpp */; };
		ED208EC6150D637F0047AC02 /* Uncertainty.cpp in Sources */ = {isa = PBXBuildFile; fileRef = ED208E14150D637F0047AC02 /* Uncertainty.cpp */; };
		ED208EC7150D637F0047AC02 /* UTILS.CPP in Sources */ = {isa = PBXBuildFile; fileRef = ED208E17150D637F0047AC02 /* UTILS.CPP */; };
		ED208EC8150D637F0047AC02 /* VLIST.CPP in Sources */ = {isa = PBXBuildFile; fileRef = ED208E18150D637F0047AC02 /* VLIST.CPP */; };
		ED208EC9150D637F0047AC02 /* WindUncertainty.cpp in Sources */ = {isa = PBXBuildFile; fileRef = ED208E1B150D637F0047AC02 /* WindUncertainty.cpp */; };
		ED208ECA150D637F0047AC02 /* Wizard.cpp in Sources */ = {isa = PBXBuildFile; fileRef = ED208E1D150D637F0047AC02 /* Wizard.cpp */; };
		ED208ECB150D637F0047AC02 /* ADCPMover_c.cpp in Sources */ = {isa = PBXBuildFile; fileRef = ED208E21150D637F0047AC02 /* ADCPMover_c.cpp */; };
		ED208ECC150D637F0047AC02 /* ADCPTimeValue_c.cpp in Sources */ = {isa = PBXBuildFile; fileRef = ED208E24150D637F0047AC02 /* ADCPTimeValue_c.cpp */; };
		ED208ECD150D637F0047AC02 /* CATSMover3D_c.cpp in Sources */ = {isa = PBXBuildFile; fileRef = ED208E27150D637F0047AC02 /* CATSMover3D_c.cpp */; };
		ED208ECE150D637F0047AC02 /* CATSMover_c.cpp in Sources */ = {isa = PBXBuildFile; fileRef = ED208E2A150D637F0047AC02 /* CATSMover_c.cpp */; };
		ED208ECF150D637F0047AC02 /* ClassID_c.cpp in Sources */ = {isa = PBXBuildFile; fileRef = ED208E2D150D637F0047AC02 /* ClassID_c.cpp */; };
		ED208ED0150D637F0047AC02 /* ComponentMover_c.cpp in Sources */ = {isa = PBXBuildFile; fileRef = ED208E30150D637F0047AC02 /* ComponentMover_c.cpp */; };
		ED208ED1150D637F0047AC02 /* CompoundMap_c.cpp in Sources */ = {isa = PBXBuildFile; fileRef = ED208E32150D637F0047AC02 /* CompoundMap_c.cpp */; };
		ED208ED2150D637F0047AC02 /* CompoundMover_c.cpp in Sources */ = {isa = PBXBuildFile; fileRef = ED208E35150D637F0047AC02 /* CompoundMover_c.cpp */; };
		ED208ED3150D637F0047AC02 /* CurrentMover_c.cpp in Sources */ = {isa = PBXBuildFile; fileRef = ED208E38150D637F0047AC02 /* CurrentMover_c.cpp */; };
		ED208ED4150D637F0047AC02 /* GridCurMover_c.cpp in Sources */ = {isa = PBXBuildFile; fileRef = ED208E3B150D637F0047AC02 /* GridCurMover_c.cpp */; };
		ED208ED5150D637F0047AC02 /* GridWindMover_c.cpp in Sources */ = {isa = PBXBuildFile; fileRef = ED208E3E150D637F0047AC02 /* GridWindMover_c.cpp */; };
		ED208ED6150D637F0047AC02 /* Map_c.cpp in Sources */ = {isa = PBXBuildFile; fileRef = ED208E41150D637F0047AC02 /* Map_c.cpp */; };
		ED208ED7150D637F0047AC02 /* Model_c.cpp in Sources */ = {isa = PBXBuildFile; fileRef = ED208E43150D637F0047AC02 /* Model_c.cpp */; };
		ED208ED8150D637F0047AC02 /* Mover_c.cpp in Sources */ = {isa = PBXBuildFile; fileRef = ED208E46150D637F0047AC02 /* Mover_c.cpp */; };
		ED208ED9150D637F0047AC02 /* NetCDFMover_c.cpp in Sources */ = {isa = PBXBuildFile; fileRef = ED208E49150D637F0047AC02 /* NetCDFMover_c.cpp */; };
		ED208EDA150D637F0047AC02 /* NetCDFMoverCurv_c.cpp in Sources */ = {isa = PBXBuildFile; fileRef = ED208E4C150D637F0047AC02 /* NetCDFMoverCurv_c.cpp */; };
		ED208EDB150D637F0047AC02 /* NetCDFMoverTri_c.cpp in Sources */ = {isa = PBXBuildFile; fileRef = ED208E4F150D637F0047AC02 /* NetCDFMoverTri_c.cpp */; };
		ED208EDC150D637F0047AC02 /* NetCDFWindMover_c.cpp in Sources */ = {isa = PBXBuildFile; fileRef = ED208E52150D637F0047AC02 /* NetCDFWindMover_c.cpp */; };
		ED208EDD150D637F0047AC02 /* NetCDFWindMoverCurv_c.cpp in Sources */ = {isa = PBXBuildFile; fileRef = ED208E55150D637F0047AC02 /* NetCDFWindMoverCurv_c.cpp */; };
		ED208EDE150D637F0047AC02 /* OSSMTimeValue_c.cpp in Sources */ = {isa = PBXBuildFile; fileRef = ED208E58150D637F0047AC02 /* OSSMTimeValue_c.cpp */; };
		ED208EDF150D637F0047AC02 /* PtCurMap_c.cpp in Sources */ = {isa = PBXBuildFile; fileRef = ED208E5A150D637F0047AC02 /* PtCurMap_c.cpp */; };
		ED208EE0150D637F0047AC02 /* PtCurMover_c.cpp in Sources */ = {isa = PBXBuildFile; fileRef = ED208E5C150D637F0047AC02 /* PtCurMover_c.cpp */; };
		ED208EE1150D637F0047AC02 /* Random3D_c.cpp in Sources */ = {isa = PBXBuildFile; fileRef = ED208E5F150D637F0047AC02 /* Random3D_c.cpp */; };
		ED208EE2150D637F0047AC02 /* Random_c.cpp in Sources */ = {isa = PBXBuildFile; fileRef = ED208E62150D637F0047AC02 /* Random_c.cpp */; };
		ED208EE3150D637F0047AC02 /* TideCurCycleMover_c.cpp in Sources */ = {isa = PBXBuildFile; fileRef = ED208E65150D637F0047AC02 /* TideCurCycleMover_c.cpp */; };
		ED208EE4150D637F0047AC02 /* TimeValue_c.cpp in Sources */ = {isa = PBXBuildFile; fileRef = ED208E68150D637F0047AC02 /* TimeValue_c.cpp */; };
		ED208EE5150D637F0047AC02 /* TriCurMover_c.cpp in Sources */ = {isa = PBXBuildFile; fileRef = ED208E6B150D637F0047AC02 /* TriCurMover_c.cpp */; };
		ED208EE6150D637F0047AC02 /* WindMover_c.cpp in Sources */ = {isa = PBXBuildFile; fileRef = ED208E6E150D637F0047AC02 /* WindMover_c.cpp */; };
		ED208F19150D67EF0047AC02 /* GEOMETR2.CPP in Sources */ = {isa = PBXBuildFile; fileRef = ED208F14150D67EF0047AC02 /* GEOMETR2.CPP */; };
		ED208F1A150D67EF0047AC02 /* GEOMETRY.CPP in Sources */ = {isa = PBXBuildFile; fileRef = ED208F15150D67EF0047AC02 /* GEOMETRY.CPP */; };
		ED208F1B150D67EF0047AC02 /* RectUtils.cpp in Sources */ = {isa = PBXBuildFile; fileRef = ED208F17150D67EF0047AC02 /* RectUtils.cpp */; };
		ED208F42150D6B880047AC02 /* CMYLIST.CPP in Sources */ = {isa = PBXBuildFile; fileRef = ED208F3F150D6B880047AC02 /* CMYLIST.CPP */; };
		ED20902A150D7B040047AC02 /* TriGridVel_c.cpp in Sources */ = {isa = PBXBuildFile; fileRef = ED209029150D7B040047AC02 /* TriGridVel_c.cpp */; };
		ED20903F150D7CC90047AC02 /* DagTree.cpp in Sources */ = {isa = PBXBuildFile; fileRef = ED20903B150D7CC90047AC02 /* DagTree.cpp */; };
		ED209040150D7CC90047AC02 /* DagTreeIO.cpp in Sources */ = {isa = PBXBuildFile; fileRef = ED20903D150D7CC90047AC02 /* DagTreeIO.cpp */; };
		ED209063150D7DD30047AC02 /* MemUtils.cpp in Sources */ = {isa = PBXBuildFile; fileRef = ED209061150D7DD30047AC02 /* MemUtils.cpp */; };
		ED3F62F5150D92A000612E48 /* VectMap_c.cpp in Sources */ = {isa = PBXBuildFile; fileRef = ED3F62F3150D92A000612E48 /* VectMap_c.cpp */; };
		ED3F6323150D953200612E48 /* CompFunctions.cpp in Sources */ = {isa = PBXBuildFile; fileRef = ED3F6321150D953200612E48 /* CompFunctions.cpp */; };
/* End PBXBuildFile section */

/* Begin PBXFileReference section */
		0D9D32EF0E226E6E0083E689 /* gnome.app */ = {isa = PBXFileReference; explicitFileType = wrapper.application; includeInIndex = 0; path = gnome.app; sourceTree = BUILT_PRODUCTS_DIR; };
		ED208D7C150D637F0047AC02 /* ADCPMover.cpp */ = {isa = PBXFileReference; fileEncoding = 4; lastKnownFileType = sourcecode.cpp.cpp; path = ADCPMover.cpp; sourceTree = "<group>"; };
		ED208D7D150D637F0047AC02 /* ADCPMover.h */ = {isa = PBXFileReference; fileEncoding = 4; lastKnownFileType = sourcecode.c.h; path = ADCPMover.h; sourceTree = "<group>"; };
		ED208D7E150D637F0047AC02 /* ADCPTimeValue.cpp */ = {isa = PBXFileReference; fileEncoding = 4; lastKnownFileType = sourcecode.cpp.cpp; path = ADCPTimeValue.cpp; sourceTree = "<group>"; };
		ED208D7F150D637F0047AC02 /* ADCPTimeValue.h */ = {isa = PBXFileReference; fileEncoding = 4; lastKnownFileType = sourcecode.c.h; path = ADCPTimeValue.h; sourceTree = "<group>"; };
		ED208D80150D637F0047AC02 /* CarbonUtil.cpp */ = {isa = PBXFileReference; fileEncoding = 4; lastKnownFileType = sourcecode.cpp.cpp; path = CarbonUtil.cpp; sourceTree = "<group>"; };
		ED208D81150D637F0047AC02 /* CarbonUtil.h */ = {isa = PBXFileReference; fileEncoding = 4; lastKnownFileType = sourcecode.c.h; path = CarbonUtil.h; sourceTree = "<group>"; };
		ED208D82150D637F0047AC02 /* CDOGDialogs.cpp */ = {isa = PBXFileReference; fileEncoding = 4; lastKnownFileType = sourcecode.cpp.cpp; path = CDOGDialogs.cpp; sourceTree = "<group>"; };
		ED208D83150D637F0047AC02 /* CDOGVarDischargeDialog.cpp */ = {isa = PBXFileReference; fileEncoding = 4; lastKnownFileType = sourcecode.cpp.cpp; path = CDOGVarDischargeDialog.cpp; sourceTree = "<group>"; };
		ED208D84150D637F0047AC02 /* CLASSES.CPP */ = {isa = PBXFileReference; fileEncoding = 4; lastKnownFileType = sourcecode.cpp.cpp; path = CLASSES.CPP; sourceTree = "<group>"; };
		ED208D85150D637F0047AC02 /* CLASSES.H */ = {isa = PBXFileReference; fileEncoding = 4; lastKnownFileType = sourcecode.cpp.h; path = CLASSES.H; sourceTree = "<group>"; };
		ED208D86150D637F0047AC02 /* CMap2.cpp */ = {isa = PBXFileReference; fileEncoding = 4; lastKnownFileType = sourcecode.cpp.cpp; path = CMap2.cpp; sourceTree = "<group>"; };
		ED208D87150D637F0047AC02 /* CMap2.h */ = {isa = PBXFileReference; fileEncoding = 4; lastKnownFileType = sourcecode.c.h; path = CMap2.h; sourceTree = "<group>"; };
		ED208D88150D637F0047AC02 /* CMapLayer.cpp */ = {isa = PBXFileReference; fileEncoding = 4; lastKnownFileType = sourcecode.cpp.cpp; path = CMapLayer.cpp; sourceTree = "<group>"; };
		ED208D8D150D637F0047AC02 /* CONTDLG.cpp */ = {isa = PBXFileReference; fileEncoding = 4; lastKnownFileType = sourcecode.cpp.cpp; path = CONTDLG.cpp; sourceTree = "<group>"; };
		ED208D8E150D637F0047AC02 /* CONTDLG.H */ = {isa = PBXFileReference; fileEncoding = 4; lastKnownFileType = sourcecode.cpp.h; path = CONTDLG.H; sourceTree = "<group>"; };
		ED208D8F150D637F0047AC02 /* CROSS.CPP */ = {isa = PBXFileReference; fileEncoding = 4; lastKnownFileType = sourcecode.cpp.cpp; path = CROSS.CPP; sourceTree = "<group>"; };
		ED208D90150D637F0047AC02 /* CROSS.H */ = {isa = PBXFileReference; fileEncoding = 4; lastKnownFileType = sourcecode.cpp.h; path = CROSS.H; sourceTree = "<group>"; };
		ED208D91150D637F0047AC02 /* CROSS2.CPP */ = {isa = PBXFileReference; fileEncoding = 4; lastKnownFileType = sourcecode.cpp.cpp; path = CROSS2.CPP; sourceTree = "<group>"; };
		ED208D97150D637F0047AC02 /* DIBUTIL.CPP */ = {isa = PBXFileReference; fileEncoding = 4; lastKnownFileType = sourcecode.cpp.cpp; path = DIBUTIL.CPP; sourceTree = "<group>"; };
		ED208D98150D637F0047AC02 /* Dispersion.cpp */ = {isa = PBXFileReference; fileEncoding = 4; lastKnownFileType = sourcecode.cpp.cpp; path = Dispersion.cpp; sourceTree = "<group>"; };
		ED208D99150D637F0047AC02 /* DRAW.CPP */ = {isa = PBXFileReference; fileEncoding = 4; lastKnownFileType = sourcecode.cpp.cpp; path = DRAW.CPP; sourceTree = "<group>"; };
		ED208D9A150D637F0047AC02 /* Earl.h */ = {isa = PBXFileReference; fileEncoding = 4; lastKnownFileType = sourcecode.c.h; path = Earl.h; sourceTree = "<group>"; };
		ED208D9B150D637F0047AC02 /* EditCDOGProfilesDialog.cpp */ = {isa = PBXFileReference; fileEncoding = 4; lastKnownFileType = sourcecode.cpp.cpp; path = EditCDOGProfilesDialog.cpp; sourceTree = "<group>"; };
		ED208D9C150D637F0047AC02 /* EditCDOGProfilesDialog.h */ = {isa = PBXFileReference; fileEncoding = 4; lastKnownFileType = sourcecode.c.h; path = EditCDOGProfilesDialog.h; sourceTree = "<group>"; };
		ED208D9D150D637F0047AC02 /* EditWindsDialog.cpp */ = {isa = PBXFileReference; fileEncoding = 4; lastKnownFileType = sourcecode.cpp.cpp; path = EditWindsDialog.cpp; sourceTree = "<group>"; };
		ED208D9E150D637F0047AC02 /* EditWindsDialog.h */ = {isa = PBXFileReference; fileEncoding = 4; lastKnownFileType = sourcecode.c.h; path = EditWindsDialog.h; sourceTree = "<group>"; };
		ED208D9F150D637F0047AC02 /* GENDEFS.H */ = {isa = PBXFileReference; fileEncoding = 4; lastKnownFileType = sourcecode.cpp.h; path = GENDEFS.H; sourceTree = "<group>"; };
		ED208DA0150D637F0047AC02 /* GENUTIL.CPP */ = {isa = PBXFileReference; fileEncoding = 4; lastKnownFileType = sourcecode.cpp.cpp; path = GENUTIL.CPP; sourceTree = "<group>"; };
		ED208DA1150D637F0047AC02 /* GENUTIL.H */ = {isa = PBXFileReference; fileEncoding = 4; lastKnownFileType = sourcecode.cpp.h; path = GENUTIL.H; sourceTree = "<group>"; };
		ED208DA5150D637F0047AC02 /* Graphing.cpp */ = {isa = PBXFileReference; fileEncoding = 4; lastKnownFileType = sourcecode.cpp.cpp; path = Graphing.cpp; sourceTree = "<group>"; };
		ED208DA6150D637F0047AC02 /* Graphing.h */ = {isa = PBXFileReference; fileEncoding = 4; lastKnownFileType = sourcecode.c.h; path = Graphing.h; sourceTree = "<group>"; };
		ED208DA7150D637F0047AC02 /* GraphingDlog.cpp */ = {isa = PBXFileReference; fileEncoding = 4; lastKnownFileType = sourcecode.cpp.cpp; path = GraphingDlog.cpp; sourceTree = "<group>"; };
		ED208DA8150D637F0047AC02 /* GraphingDlog2.cpp */ = {isa = PBXFileReference; fileEncoding = 4; lastKnownFileType = sourcecode.cpp.cpp; path = GraphingDlog2.cpp; sourceTree = "<group>"; };
		ED208DA9150D637F0047AC02 /* GridCurMover.cpp */ = {isa = PBXFileReference; fileEncoding = 4; lastKnownFileType = sourcecode.cpp.cpp; path = GridCurMover.cpp; sourceTree = "<group>"; };
		ED208DAA150D637F0047AC02 /* GridCurMover.h */ = {isa = PBXFileReference; fileEncoding = 4; lastKnownFileType = sourcecode.c.h; path = GridCurMover.h; sourceTree = "<group>"; };
		ED208DAB150D637F0047AC02 /* GridVel.cpp */ = {isa = PBXFileReference; fileEncoding = 4; lastKnownFileType = sourcecode.cpp.cpp; path = GridVel.cpp; sourceTree = "<group>"; };
		ED208DAC150D637F0047AC02 /* GridVel.h */ = {isa = PBXFileReference; fileEncoding = 4; lastKnownFileType = sourcecode.c.h; path = GridVel.h; sourceTree = "<group>"; };
		ED208DAD150D637F0047AC02 /* GridWindMover.cpp */ = {isa = PBXFileReference; fileEncoding = 4; lastKnownFileType = sourcecode.cpp.cpp; path = GridWindMover.cpp; sourceTree = "<group>"; };
		ED208DAE150D637F0047AC02 /* GridWindMover.h */ = {isa = PBXFileReference; fileEncoding = 4; lastKnownFileType = sourcecode.c.h; path = GridWindMover.h; sourceTree = "<group>"; };
		ED208DAF150D637F0047AC02 /* LayerUtils.cpp */ = {isa = PBXFileReference; fileEncoding = 4; lastKnownFileType = sourcecode.cpp.cpp; path = LayerUtils.cpp; sourceTree = "<group>"; };
		ED208DB0150D637F0047AC02 /* LELISTS.CPP */ = {isa = PBXFileReference; fileEncoding = 4; lastKnownFileType = sourcecode.cpp.cpp; path = LELISTS.CPP; sourceTree = "<group>"; };
		ED208DB1150D637F0047AC02 /* MakeDagTree.cpp */ = {isa = PBXFileReference; fileEncoding = 4; lastKnownFileType = sourcecode.cpp.cpp; path = MakeDagTree.cpp; sourceTree = "<group>"; };
		ED208DB2150D637F0047AC02 /* MakeMovie.cpp */ = {isa = PBXFileReference; fileEncoding = 4; lastKnownFileType = sourcecode.cpp.cpp; path = MakeMovie.cpp; sourceTree = "<group>"; };
		ED208DB3150D637F0047AC02 /* MakeMovie.h */ = {isa = PBXFileReference; fileEncoding = 4; lastKnownFileType = sourcecode.c.h; path = MakeMovie.h; sourceTree = "<group>"; };
		ED208DB4150D637F0047AC02 /* MakeTriangles.cpp */ = {isa = PBXFileReference; fileEncoding = 4; lastKnownFileType = sourcecode.cpp.cpp; path = MakeTriangles.cpp; sourceTree = "<group>"; };
		ED208DB5150D637F0047AC02 /* MapUtils.cpp */ = {isa = PBXFileReference; fileEncoding = 4; lastKnownFileType = sourcecode.cpp.cpp; path = MapUtils.cpp; sourceTree = "<group>"; };
		ED208DB6150D637F0047AC02 /* MapUtils.h */ = {isa = PBXFileReference; fileEncoding = 4; lastKnownFileType = sourcecode.c.h; path = MapUtils.h; sourceTree = "<group>"; };
		ED208DB9150D637F0047AC02 /* my_build_list.h */ = {isa = PBXFileReference; fileEncoding = 4; lastKnownFileType = sourcecode.c.h; path = my_build_list.h; sourceTree = "<group>"; };
		ED208DBA150D637F0047AC02 /* MYFILES.CPP */ = {isa = PBXFileReference; fileEncoding = 4; lastKnownFileType = sourcecode.cpp.cpp; path = MYFILES.CPP; sourceTree = "<group>"; };
		ED208DBB150D637F0047AC02 /* MYRANDOM.CPP */ = {isa = PBXFileReference; fileEncoding = 4; lastKnownFileType = sourcecode.cpp.cpp; path = MYRANDOM.CPP; sourceTree = "<group>"; };
		ED208DBC150D637F0047AC02 /* MYRANDOM.H */ = {isa = PBXFileReference; fileEncoding = 4; lastKnownFileType = sourcecode.cpp.h; path = MYRANDOM.H; sourceTree = "<group>"; };
		ED208DBD150D637F0047AC02 /* netcdf.h */ = {isa = PBXFileReference; fileEncoding = 4; lastKnownFileType = sourcecode.c.h; path = netcdf.h; sourceTree = "<group>"; };
		ED208DBE150D637F0047AC02 /* NetCDFMover.cpp */ = {isa = PBXFileReference; fileEncoding = 4; lastKnownFileType = sourcecode.cpp.cpp; path = NetCDFMover.cpp; sourceTree = "<group>"; };
		ED208DBF150D637F0047AC02 /* NetCDFMover.h */ = {isa = PBXFileReference; fileEncoding = 4; lastKnownFileType = sourcecode.c.h; path = NetCDFMover.h; sourceTree = "<group>"; };
		ED208DC0150D637F0047AC02 /* NetCDFMoverCurv.cpp */ = {isa = PBXFileReference; fileEncoding = 4; lastKnownFileType = sourcecode.cpp.cpp; path = NetCDFMoverCurv.cpp; sourceTree = "<group>"; };
		ED208DC1150D637F0047AC02 /* NetCDFMoverCurv.h */ = {isa = PBXFileReference; fileEncoding = 4; lastKnownFileType = sourcecode.c.h; path = NetCDFMoverCurv.h; sourceTree = "<group>"; };
		ED208DC2150D637F0047AC02 /* NetCDFMoverTri.cpp */ = {isa = PBXFileReference; fileEncoding = 4; lastKnownFileType = sourcecode.cpp.cpp; path = NetCDFMoverTri.cpp; sourceTree = "<group>"; };
		ED208DC3150D637F0047AC02 /* NetCDFMoverTri.h */ = {isa = PBXFileReference; fileEncoding = 4; lastKnownFileType = sourcecode.c.h; path = NetCDFMoverTri.h; sourceTree = "<group>"; };
		ED208DC4150D637F0047AC02 /* NetCDFStore.cpp */ = {isa = PBXFileReference; fileEncoding = 4; lastKnownFileType = sourcecode.cpp.cpp; path = NetCDFStore.cpp; sourceTree = "<group>"; };
		ED208DC5150D637F0047AC02 /* NetCDFStore.h */ = {isa = PBXFileReference; fileEncoding = 4; lastKnownFileType = sourcecode.c.h; path = NetCDFStore.h; sourceTree = "<group>"; };
		ED208DC6150D637F0047AC02 /* NetCDFWindMover.cpp */ = {isa = PBXFileReference; fileEncoding = 4; lastKnownFileType = sourcecode.cpp.cpp; path = NetCDFWindMover.cpp; sourceTree = "<group>"; };
		ED208DC7150D637F0047AC02 /* NetCDFWindMover.h */ = {isa = PBXFileReference; fileEncoding = 4; lastKnownFileType = sourcecode.c.h; path = NetCDFWindMover.h; sourceTree = "<group>"; };
		ED208DC8150D637F0047AC02 /* NetCDFWindMoverCurv.cpp */ = {isa = PBXFileReference; fileEncoding = 4; lastKnownFileType = sourcecode.cpp.cpp; path = NetCDFWindMoverCurv.cpp; sourceTree = "<group>"; };
		ED208DC9150D637F0047AC02 /* NetCDFWindMoverCurv.h */ = {isa = PBXFileReference; fileEncoding = 4; lastKnownFileType = sourcecode.c.h; path = NetCDFWindMoverCurv.h; sourceTree = "<group>"; };
		ED208DCA150D637F0047AC02 /* ObjectUtils.cpp */ = {isa = PBXFileReference; fileEncoding = 4; lastKnownFileType = sourcecode.cpp.cpp; path = ObjectUtils.cpp; sourceTree = "<group>"; };
		ED208DCB150D637F0047AC02 /* ObjectUtils.h */ = {isa = PBXFileReference; fileEncoding = 4; lastKnownFileType = sourcecode.c.h; path = ObjectUtils.h; sourceTree = "<group>"; };
		ED208DCC150D637F0047AC02 /* OSSM.CPP */ = {isa = PBXFileReference; fileEncoding = 4; lastKnownFileType = sourcecode.cpp.cpp; path = OSSM.CPP; sourceTree = "<group>"; };
		ED208DCD150D637F0047AC02 /* OSSM.H */ = {isa = PBXFileReference; fileEncoding = 4; lastKnownFileType = sourcecode.cpp.h; path = OSSM.H; sourceTree = "<group>"; };
		ED208DCE150D637F0047AC02 /* OUTILS.CPP */ = {isa = PBXFileReference; fileEncoding = 4; lastKnownFileType = sourcecode.cpp.cpp; path = OUTILS.CPP; sourceTree = "<group>"; };
		ED208DCF150D637F0047AC02 /* OUTILS.H */ = {isa = PBXFileReference; fileEncoding = 4; lastKnownFileType = sourcecode.cpp.h; path = OUTILS.H; sourceTree = "<group>"; };
		ED208DD0150D637F0047AC02 /* OUTPUT.CPP */ = {isa = PBXFileReference; fileEncoding = 4; lastKnownFileType = sourcecode.cpp.cpp; path = OUTPUT.CPP; sourceTree = "<group>"; };
		ED208DD1150D637F0047AC02 /* Overlays.cpp */ = {isa = PBXFileReference; fileEncoding = 4; lastKnownFileType = sourcecode.cpp.cpp; path = Overlays.cpp; sourceTree = "<group>"; };
		ED208DD2150D637F0047AC02 /* Overlays.h */ = {isa = PBXFileReference; fileEncoding = 4; lastKnownFileType = sourcecode.c.h; path = Overlays.h; sourceTree = "<group>"; };
		ED208DD3150D637F0047AC02 /* PolyUtils.cpp */ = {isa = PBXFileReference; fileEncoding = 4; lastKnownFileType = sourcecode.cpp.cpp; path = PolyUtils.cpp; sourceTree = "<group>"; };
		ED208DD4150D637F0047AC02 /* PtCurMap.cpp */ = {isa = PBXFileReference; fileEncoding = 4; lastKnownFileType = sourcecode.cpp.cpp; path = PtCurMap.cpp; sourceTree = "<group>"; };
		ED208DD5150D637F0047AC02 /* PtCurMap.h */ = {isa = PBXFileReference; fileEncoding = 4; lastKnownFileType = sourcecode.c.h; path = PtCurMap.h; sourceTree = "<group>"; };
		ED208DD6150D637F0047AC02 /* PtCurMover.cpp */ = {isa = PBXFileReference; fileEncoding = 4; lastKnownFileType = sourcecode.cpp.cpp; path = PtCurMover.cpp; sourceTree = "<group>"; };
		ED208DD7150D637F0047AC02 /* PtCurMover.h */ = {isa = PBXFileReference; fileEncoding = 4; lastKnownFileType = sourcecode.c.h; path = PtCurMover.h; sourceTree = "<group>"; };
		ED208DDA150D637F0047AC02 /* SAMENU.CPP */ = {isa = PBXFileReference; fileEncoding = 4; lastKnownFileType = sourcecode.cpp.cpp; path = SAMENU.CPP; sourceTree = "<group>"; };
		ED208DDB150D637F0047AC02 /* SAMENU.H */ = {isa = PBXFileReference; fileEncoding = 4; lastKnownFileType = sourcecode.cpp.h; path = SAMENU.H; sourceTree = "<group>"; };
		ED208DDC150D637F0047AC02 /* SAMENU_MDEF.cpp */ = {isa = PBXFileReference; fileEncoding = 4; lastKnownFileType = sourcecode.cpp.cpp; path = SAMENU_MDEF.cpp; sourceTree = "<group>"; };
		ED208DDD150D637F0047AC02 /* SETTINGS.CPP */ = {isa = PBXFileReference; fileEncoding = 4; lastKnownFileType = sourcecode.cpp.cpp; path = SETTINGS.CPP; sourceTree = "<group>"; };
		ED208DDE150D637F0047AC02 /* Shio.h */ = {isa = PBXFileReference; fileEncoding = 4; lastKnownFileType = sourcecode.c.h; path = Shio.h; sourceTree = "<group>"; };
		ED208DDF150D637F0047AC02 /* ShioCurrent1.cpp */ = {isa = PBXFileReference; fileEncoding = 4; lastKnownFileType = sourcecode.cpp.cpp; path = ShioCurrent1.cpp; sourceTree = "<group>"; };
		ED208DE0150D637F0047AC02 /* ShioCurrent2.cpp */ = {isa = PBXFileReference; fileEncoding = 4; lastKnownFileType = sourcecode.cpp.cpp; path = ShioCurrent2.cpp; sourceTree = "<group>"; };
		ED208DE1150D637F0047AC02 /* ShioHeight.cpp */ = {isa = PBXFileReference; fileEncoding = 4; lastKnownFileType = sourcecode.cpp.cpp; path = ShioHeight.cpp; sourceTree = "<group>"; };
		ED208DE2150D637F0047AC02 /* StringFunctions.cpp */ = {isa = PBXFileReference; fileEncoding = 4; lastKnownFileType = sourcecode.cpp.cpp; path = StringFunctions.cpp; sourceTree = "<group>"; };
		ED208DE3150D637F0047AC02 /* StringFunctions.h */ = {isa = PBXFileReference; fileEncoding = 4; lastKnownFileType = sourcecode.c.h; path = StringFunctions.h; sourceTree = "<group>"; };
		ED208DE4150D637F0047AC02 /* SYSTEM.CPP */ = {isa = PBXFileReference; fileEncoding = 4; lastKnownFileType = sourcecode.cpp.cpp; path = SYSTEM.CPP; sourceTree = "<group>"; };
		ED208DE5150D637F0047AC02 /* TCATSMover.cpp */ = {isa = PBXFileReference; fileEncoding = 4; lastKnownFileType = sourcecode.cpp.cpp; path = TCATSMover.cpp; sourceTree = "<group>"; };
		ED208DE6150D637F0047AC02 /* TCATSMover.h */ = {isa = PBXFileReference; fileEncoding = 4; lastKnownFileType = sourcecode.c.h; path = TCATSMover.h; sourceTree = "<group>"; };
		ED208DE7150D637F0047AC02 /* TCATSMover3D.cpp */ = {isa = PBXFileReference; fileEncoding = 4; lastKnownFileType = sourcecode.cpp.cpp; path = TCATSMover3D.cpp; sourceTree = "<group>"; };
		ED208DE8150D637F0047AC02 /* TCATSMover3D.h */ = {isa = PBXFileReference; fileEncoding = 4; lastKnownFileType = sourcecode.c.h; path = TCATSMover3D.h; sourceTree = "<group>"; };
		ED208DE9150D637F0047AC02 /* TClassID.cpp */ = {isa = PBXFileReference; fileEncoding = 4; lastKnownFileType = sourcecode.cpp.cpp; path = TClassID.cpp; sourceTree = "<group>"; };
		ED208DEA150D637F0047AC02 /* TClassID.h */ = {isa = PBXFileReference; fileEncoding = 4; lastKnownFileType = sourcecode.c.h; path = TClassID.h; sourceTree = "<group>"; };
		ED208DEB150D637F0047AC02 /* TComponentMover.cpp */ = {isa = PBXFileReference; fileEncoding = 4; lastKnownFileType = sourcecode.cpp.cpp; path = TComponentMover.cpp; sourceTree = "<group>"; };
		ED208DEC150D637F0047AC02 /* TComponentMover.h */ = {isa = PBXFileReference; fileEncoding = 4; lastKnownFileType = sourcecode.c.h; path = TComponentMover.h; sourceTree = "<group>"; };
		ED208DED150D637F0047AC02 /* TCompoundMap.cpp */ = {isa = PBXFileReference; fileEncoding = 4; lastKnownFileType = sourcecode.cpp.cpp; path = TCompoundMap.cpp; sourceTree = "<group>"; };
		ED208DEE150D637F0047AC02 /* TCompoundMap.h */ = {isa = PBXFileReference; fileEncoding = 4; lastKnownFileType = sourcecode.c.h; path = TCompoundMap.h; sourceTree = "<group>"; };
		ED208DEF150D637F0047AC02 /* TCompoundMover.cpp */ = {isa = PBXFileReference; fileEncoding = 4; lastKnownFileType = sourcecode.cpp.cpp; path = TCompoundMover.cpp; sourceTree = "<group>"; };
		ED208DF0150D637F0047AC02 /* TCompoundMover.h */ = {isa = PBXFileReference; fileEncoding = 4; lastKnownFileType = sourcecode.c.h; path = TCompoundMover.h; sourceTree = "<group>"; };
		ED208DF1150D637F0047AC02 /* TCurrentMover.cpp */ = {isa = PBXFileReference; fileEncoding = 4; lastKnownFileType = sourcecode.cpp.cpp; path = TCurrentMover.cpp; sourceTree = "<group>"; };
		ED208DF2150D637F0047AC02 /* TCurrentMover.h */ = {isa = PBXFileReference; fileEncoding = 4; lastKnownFileType = sourcecode.c.h; path = TCurrentMover.h; sourceTree = "<group>"; };
		ED208DF3150D637F0047AC02 /* TextRect.cpp */ = {isa = PBXFileReference; fileEncoding = 4; lastKnownFileType = sourcecode.cpp.cpp; path = TextRect.cpp; sourceTree = "<group>"; };
		ED208DF4150D637F0047AC02 /* TextRect.h */ = {isa = PBXFileReference; fileEncoding = 4; lastKnownFileType = sourcecode.c.h; path = TextRect.h; sourceTree = "<group>"; };
		ED208DF5150D637F0047AC02 /* TideCurCycleMover.cpp */ = {isa = PBXFileReference; fileEncoding = 4; lastKnownFileType = sourcecode.cpp.cpp; path = TideCurCycleMover.cpp; sourceTree = "<group>"; };
		ED208DF6150D637F0047AC02 /* TideCurCycleMover.h */ = {isa = PBXFileReference; fileEncoding = 4; lastKnownFileType = sourcecode.c.h; path = TideCurCycleMover.h; sourceTree = "<group>"; };
		ED208DF7150D637F0047AC02 /* TimeValuesIO.cpp */ = {isa = PBXFileReference; fileEncoding = 4; lastKnownFileType = sourcecode.cpp.cpp; path = TimeValuesIO.cpp; sourceTree = "<group>"; };
		ED208DF8150D637F0047AC02 /* TimUtils.cpp */ = {isa = PBXFileReference; fileEncoding = 4; lastKnownFileType = sourcecode.cpp.cpp; path = TimUtils.cpp; sourceTree = "<group>"; };
		ED208DF9150D637F0047AC02 /* TimUtils.h */ = {isa = PBXFileReference; fileEncoding = 4; lastKnownFileType = sourcecode.c.h; path = TimUtils.h; sourceTree = "<group>"; };
		ED208DFA150D637F0047AC02 /* TMap.cpp */ = {isa = PBXFileReference; fileEncoding = 4; lastKnownFileType = sourcecode.cpp.cpp; path = TMap.cpp; sourceTree = "<group>"; };
		ED208DFB150D637F0047AC02 /* TMap.h */ = {isa = PBXFileReference; fileEncoding = 4; lastKnownFileType = sourcecode.c.h; path = TMap.h; sourceTree = "<group>"; };
		ED208DFC150D637F0047AC02 /* TModel.cpp */ = {isa = PBXFileReference; fileEncoding = 4; lastKnownFileType = sourcecode.cpp.cpp; path = TModel.cpp; sourceTree = "<group>"; };
		ED208DFD150D637F0047AC02 /* TModel.h */ = {isa = PBXFileReference; fileEncoding = 4; lastKnownFileType = sourcecode.c.h; path = TModel.h; sourceTree = "<group>"; };
		ED208DFE150D637F0047AC02 /* TMover.cpp */ = {isa = PBXFileReference; fileEncoding = 4; lastKnownFileType = sourcecode.cpp.cpp; path = TMover.cpp; sourceTree = "<group>"; };
		ED208DFF150D637F0047AC02 /* TMover.h */ = {isa = PBXFileReference; fileEncoding = 4; lastKnownFileType = sourcecode.c.h; path = TMover.h; sourceTree = "<group>"; };
		ED208E00150D637F0047AC02 /* TOSSMMap.cpp */ = {isa = PBXFileReference; fileEncoding = 4; lastKnownFileType = sourcecode.cpp.cpp; path = TOSSMMap.cpp; sourceTree = "<group>"; };
		ED208E01150D637F0047AC02 /* TOSSMTimeValue.cpp */ = {isa = PBXFileReference; fileEncoding = 4; lastKnownFileType = sourcecode.cpp.cpp; path = TOSSMTimeValue.cpp; sourceTree = "<group>"; };
		ED208E02150D637F0047AC02 /* TOSSMTimeValue.h */ = {isa = PBXFileReference; fileEncoding = 4; lastKnownFileType = sourcecode.c.h; path = TOSSMTimeValue.h; sourceTree = "<group>"; };
		ED208E03150D637F0047AC02 /* TRandom.cpp */ = {isa = PBXFileReference; fileEncoding = 4; lastKnownFileType = sourcecode.cpp.cpp; path = TRandom.cpp; sourceTree = "<group>"; };
		ED208E04150D637F0047AC02 /* TRandom.h */ = {isa = PBXFileReference; fileEncoding = 4; lastKnownFileType = sourcecode.c.h; path = TRandom.h; sourceTree = "<group>"; };
		ED208E05150D637F0047AC02 /* TRandom3D.cpp */ = {isa = PBXFileReference; fileEncoding = 4; lastKnownFileType = sourcecode.cpp.cpp; path = TRandom3D.cpp; sourceTree = "<group>"; };
		ED208E06150D637F0047AC02 /* TRandom3D.h */ = {isa = PBXFileReference; fileEncoding = 4; lastKnownFileType = sourcecode.c.h; path = TRandom3D.h; sourceTree = "<group>"; };
		ED208E07150D637F0047AC02 /* TRandomCATSMover.h */ = {isa = PBXFileReference; fileEncoding = 4; lastKnownFileType = sourcecode.c.h; path = TRandomCATSMover.h; sourceTree = "<group>"; };
		ED208E08150D637F0047AC02 /* TriCurMover.cpp */ = {isa = PBXFileReference; fileEncoding = 4; lastKnownFileType = sourcecode.cpp.cpp; path = TriCurMover.cpp; sourceTree = "<group>"; };
		ED208E09150D637F0047AC02 /* TriCurMover.h */ = {isa = PBXFileReference; fileEncoding = 4; lastKnownFileType = sourcecode.c.h; path = TriCurMover.h; sourceTree = "<group>"; };
		ED208E0A150D637F0047AC02 /* TShioTimeValue.cpp */ = {isa = PBXFileReference; fileEncoding = 4; lastKnownFileType = sourcecode.cpp.cpp; path = TShioTimeValue.cpp; sourceTree = "<group>"; };
		ED208E0B150D637F0047AC02 /* TShioTimeValue.h */ = {isa = PBXFileReference; fileEncoding = 4; lastKnownFileType = sourcecode.c.h; path = TShioTimeValue.h; sourceTree = "<group>"; };
		ED208E0C150D637F0047AC02 /* TSprayLEList.CPP */ = {isa = PBXFileReference; fileEncoding = 4; lastKnownFileType = sourcecode.cpp.cpp; path = TSprayLEList.CPP; sourceTree = "<group>"; };
		ED208E0D150D637F0047AC02 /* TTimeValue.cpp */ = {isa = PBXFileReference; fileEncoding = 4; lastKnownFileType = sourcecode.cpp.cpp; path = TTimeValue.cpp; sourceTree = "<group>"; };
		ED208E0E150D637F0047AC02 /* TTimeValue.h */ = {isa = PBXFileReference; fileEncoding = 4; lastKnownFileType = sourcecode.c.h; path = TTimeValue.h; sourceTree = "<group>"; };
		ED208E0F150D637F0047AC02 /* TVectMap.cpp */ = {isa = PBXFileReference; fileEncoding = 4; lastKnownFileType = sourcecode.cpp.cpp; path = TVectMap.cpp; sourceTree = "<group>"; };
		ED208E10150D637F0047AC02 /* TWeather.cpp */ = {isa = PBXFileReference; fileEncoding = 4; lastKnownFileType = sourcecode.cpp.cpp; path = TWeather.cpp; sourceTree = "<group>"; };
		ED208E11150D637F0047AC02 /* TWindMover.cpp */ = {isa = PBXFileReference; fileEncoding = 4; lastKnownFileType = sourcecode.cpp.cpp; path = TWindMover.cpp; sourceTree = "<group>"; };
		ED208E12150D637F0047AC02 /* TWindMover.h */ = {isa = PBXFileReference; fileEncoding = 4; lastKnownFileType = sourcecode.c.h; path = TWindMover.h; sourceTree = "<group>"; };
		ED208E14150D637F0047AC02 /* Uncertainty.cpp */ = {isa = PBXFileReference; fileEncoding = 4; lastKnownFileType = sourcecode.cpp.cpp; path = Uncertainty.cpp; sourceTree = "<group>"; };
		ED208E15150D637F0047AC02 /* Uncertainty.h */ = {isa = PBXFileReference; fileEncoding = 4; lastKnownFileType = sourcecode.c.h; path = Uncertainty.h; sourceTree = "<group>"; };
		ED208E16150D637F0047AC02 /* Units.h */ = {isa = PBXFileReference; fileEncoding = 4; lastKnownFileType = sourcecode.c.h; path = Units.h; sourceTree = "<group>"; };
		ED208E17150D637F0047AC02 /* UTILS.CPP */ = {isa = PBXFileReference; fileEncoding = 4; lastKnownFileType = sourcecode.cpp.cpp; path = UTILS.CPP; sourceTree = "<group>"; };
		ED208E18150D637F0047AC02 /* VLIST.CPP */ = {isa = PBXFileReference; fileEncoding = 4; lastKnownFileType = sourcecode.cpp.cpp; path = VLIST.CPP; sourceTree = "<group>"; };
		ED208E19150D637F0047AC02 /* VLIST.H */ = {isa = PBXFileReference; fileEncoding = 4; lastKnownFileType = sourcecode.cpp.h; path = VLIST.H; sourceTree = "<group>"; };
		ED208E1A150D637F0047AC02 /* WindSettings.h */ = {isa = PBXFileReference; fileEncoding = 4; lastKnownFileType = sourcecode.c.h; path = WindSettings.h; sourceTree = "<group>"; };
		ED208E1B150D637F0047AC02 /* WindUncertainty.cpp */ = {isa = PBXFileReference; fileEncoding = 4; lastKnownFileType = sourcecode.cpp.cpp; path = WindUncertainty.cpp; sourceTree = "<group>"; };
		ED208E1C150D637F0047AC02 /* WindUncertainty.h */ = {isa = PBXFileReference; fileEncoding = 4; lastKnownFileType = sourcecode.c.h; path = WindUncertainty.h; sourceTree = "<group>"; };
		ED208E1D150D637F0047AC02 /* Wizard.cpp */ = {isa = PBXFileReference; fileEncoding = 4; lastKnownFileType = sourcecode.cpp.cpp; path = Wizard.cpp; sourceTree = "<group>"; };
		ED208E1E150D637F0047AC02 /* Wizard.h */ = {isa = PBXFileReference; fileEncoding = 4; lastKnownFileType = sourcecode.c.h; path = Wizard.h; sourceTree = "<group>"; };
		ED208E20150D637F0047AC02 /* ADCPMover_b.h */ = {isa = PBXFileReference; fileEncoding = 4; lastKnownFileType = sourcecode.c.h; path = ADCPMover_b.h; sourceTree = "<group>"; };
		ED208E21150D637F0047AC02 /* ADCPMover_c.cpp */ = {isa = PBXFileReference; fileEncoding = 4; lastKnownFileType = sourcecode.cpp.cpp; path = ADCPMover_c.cpp; sourceTree = "<group>"; };
		ED208E22150D637F0047AC02 /* ADCPMover_c.h */ = {isa = PBXFileReference; fileEncoding = 4; lastKnownFileType = sourcecode.c.h; path = ADCPMover_c.h; sourceTree = "<group>"; };
		ED208E23150D637F0047AC02 /* ADCPTimeValue_b.h */ = {isa = PBXFileReference; fileEncoding = 4; lastKnownFileType = sourcecode.c.h; path = ADCPTimeValue_b.h; sourceTree = "<group>"; };
		ED208E24150D637F0047AC02 /* ADCPTimeValue_c.cpp */ = {isa = PBXFileReference; fileEncoding = 4; lastKnownFileType = sourcecode.cpp.cpp; path = ADCPTimeValue_c.cpp; sourceTree = "<group>"; };
		ED208E25150D637F0047AC02 /* ADCPTimeValue_c.h */ = {isa = PBXFileReference; fileEncoding = 4; lastKnownFileType = sourcecode.c.h; path = ADCPTimeValue_c.h; sourceTree = "<group>"; };
		ED208E26150D637F0047AC02 /* CATSMover3D_b.h */ = {isa = PBXFileReference; fileEncoding = 4; lastKnownFileType = sourcecode.c.h; path = CATSMover3D_b.h; sourceTree = "<group>"; };
		ED208E27150D637F0047AC02 /* CATSMover3D_c.cpp */ = {isa = PBXFileReference; fileEncoding = 4; lastKnownFileType = sourcecode.cpp.cpp; path = CATSMover3D_c.cpp; sourceTree = "<group>"; };
		ED208E28150D637F0047AC02 /* CATSMover3D_c.h */ = {isa = PBXFileReference; fileEncoding = 4; lastKnownFileType = sourcecode.c.h; path = CATSMover3D_c.h; sourceTree = "<group>"; };
		ED208E29150D637F0047AC02 /* CATSMover_b.h */ = {isa = PBXFileReference; fileEncoding = 4; lastKnownFileType = sourcecode.c.h; path = CATSMover_b.h; sourceTree = "<group>"; };
		ED208E2A150D637F0047AC02 /* CATSMover_c.cpp */ = {isa = PBXFileReference; fileEncoding = 4; lastKnownFileType = sourcecode.cpp.cpp; path = CATSMover_c.cpp; sourceTree = "<group>"; };
		ED208E2B150D637F0047AC02 /* CATSMover_c.h */ = {isa = PBXFileReference; fileEncoding = 4; lastKnownFileType = sourcecode.c.h; path = CATSMover_c.h; sourceTree = "<group>"; };
		ED208E2C150D637F0047AC02 /* ClassID_b.h */ = {isa = PBXFileReference; fileEncoding = 4; lastKnownFileType = sourcecode.c.h; path = ClassID_b.h; sourceTree = "<group>"; };
		ED208E2D150D637F0047AC02 /* ClassID_c.cpp */ = {isa = PBXFileReference; fileEncoding = 4; lastKnownFileType = sourcecode.cpp.cpp; path = ClassID_c.cpp; sourceTree = "<group>"; };
		ED208E2E150D637F0047AC02 /* ClassID_c.h */ = {isa = PBXFileReference; fileEncoding = 4; lastKnownFileType = sourcecode.c.h; path = ClassID_c.h; sourceTree = "<group>"; };
		ED208E2F150D637F0047AC02 /* ComponentMover_b.h */ = {isa = PBXFileReference; fileEncoding = 4; lastKnownFileType = sourcecode.c.h; path = ComponentMover_b.h; sourceTree = "<group>"; };
		ED208E30150D637F0047AC02 /* ComponentMover_c.cpp */ = {isa = PBXFileReference; fileEncoding = 4; lastKnownFileType = sourcecode.cpp.cpp; path = ComponentMover_c.cpp; sourceTree = "<group>"; };
		ED208E31150D637F0047AC02 /* ComponentMover_c.h */ = {isa = PBXFileReference; fileEncoding = 4; lastKnownFileType = sourcecode.c.h; path = ComponentMover_c.h; sourceTree = "<group>"; };
		ED208E32150D637F0047AC02 /* CompoundMap_c.cpp */ = {isa = PBXFileReference; fileEncoding = 4; lastKnownFileType = sourcecode.cpp.cpp; path = CompoundMap_c.cpp; sourceTree = "<group>"; };
		ED208E33150D637F0047AC02 /* CompoundMap_c.h */ = {isa = PBXFileReference; fileEncoding = 4; lastKnownFileType = sourcecode.c.h; path = CompoundMap_c.h; sourceTree = "<group>"; };
		ED208E34150D637F0047AC02 /* CompoundMover_b.h */ = {isa = PBXFileReference; fileEncoding = 4; lastKnownFileType = sourcecode.c.h; path = CompoundMover_b.h; sourceTree = "<group>"; };
		ED208E35150D637F0047AC02 /* CompoundMover_c.cpp */ = {isa = PBXFileReference; fileEncoding = 4; lastKnownFileType = sourcecode.cpp.cpp; path = CompoundMover_c.cpp; sourceTree = "<group>"; };
		ED208E36150D637F0047AC02 /* CompoundMover_c.h */ = {isa = PBXFileReference; fileEncoding = 4; lastKnownFileType = sourcecode.c.h; path = CompoundMover_c.h; sourceTree = "<group>"; };
		ED208E37150D637F0047AC02 /* CurrentMover_b.h */ = {isa = PBXFileReference; fileEncoding = 4; lastKnownFileType = sourcecode.c.h; path = CurrentMover_b.h; sourceTree = "<group>"; };
		ED208E38150D637F0047AC02 /* CurrentMover_c.cpp */ = {isa = PBXFileReference; fileEncoding = 4; lastKnownFileType = sourcecode.cpp.cpp; path = CurrentMover_c.cpp; sourceTree = "<group>"; };
		ED208E39150D637F0047AC02 /* CurrentMover_c.h */ = {isa = PBXFileReference; fileEncoding = 4; lastKnownFileType = sourcecode.c.h; path = CurrentMover_c.h; sourceTree = "<group>"; };
		ED208E3A150D637F0047AC02 /* GridCurMover_b.h */ = {isa = PBXFileReference; fileEncoding = 4; lastKnownFileType = sourcecode.c.h; path = GridCurMover_b.h; sourceTree = "<group>"; };
		ED208E3B150D637F0047AC02 /* GridCurMover_c.cpp */ = {isa = PBXFileReference; fileEncoding = 4; lastKnownFileType = sourcecode.cpp.cpp; path = GridCurMover_c.cpp; sourceTree = "<group>"; };
		ED208E3C150D637F0047AC02 /* GridCurMover_c.h */ = {isa = PBXFileReference; fileEncoding = 4; lastKnownFileType = sourcecode.c.h; path = GridCurMover_c.h; sourceTree = "<group>"; };
		ED208E3D150D637F0047AC02 /* GridWindMover_b.h */ = {isa = PBXFileReference; fileEncoding = 4; lastKnownFileType = sourcecode.c.h; path = GridWindMover_b.h; sourceTree = "<group>"; };
		ED208E3E150D637F0047AC02 /* GridWindMover_c.cpp */ = {isa = PBXFileReference; fileEncoding = 4; lastKnownFileType = sourcecode.cpp.cpp; path = GridWindMover_c.cpp; sourceTree = "<group>"; };
		ED208E3F150D637F0047AC02 /* GridWindMover_c.h */ = {isa = PBXFileReference; fileEncoding = 4; lastKnownFileType = sourcecode.c.h; path = GridWindMover_c.h; sourceTree = "<group>"; };
		ED208E40150D637F0047AC02 /* Map_b.h */ = {isa = PBXFileReference; fileEncoding = 4; lastKnownFileType = sourcecode.c.h; path = Map_b.h; sourceTree = "<group>"; };
		ED208E41150D637F0047AC02 /* Map_c.cpp */ = {isa = PBXFileReference; fileEncoding = 4; lastKnownFileType = sourcecode.cpp.cpp; path = Map_c.cpp; sourceTree = "<group>"; };
		ED208E42150D637F0047AC02 /* Map_c.h */ = {isa = PBXFileReference; fileEncoding = 4; lastKnownFileType = sourcecode.c.h; path = Map_c.h; sourceTree = "<group>"; };
		ED208E43150D637F0047AC02 /* Model_c.cpp */ = {isa = PBXFileReference; fileEncoding = 4; lastKnownFileType = sourcecode.cpp.cpp; path = Model_c.cpp; sourceTree = "<group>"; };
		ED208E44150D637F0047AC02 /* Model_c.h */ = {isa = PBXFileReference; fileEncoding = 4; lastKnownFileType = sourcecode.c.h; path = Model_c.h; sourceTree = "<group>"; };
		ED208E45150D637F0047AC02 /* Mover_b.h */ = {isa = PBXFileReference; fileEncoding = 4; lastKnownFileType = sourcecode.c.h; path = Mover_b.h; sourceTree = "<group>"; };
		ED208E46150D637F0047AC02 /* Mover_c.cpp */ = {isa = PBXFileReference; fileEncoding = 4; lastKnownFileType = sourcecode.cpp.cpp; path = Mover_c.cpp; sourceTree = "<group>"; };
		ED208E47150D637F0047AC02 /* Mover_c.h */ = {isa = PBXFileReference; fileEncoding = 4; lastKnownFileType = sourcecode.c.h; path = Mover_c.h; sourceTree = "<group>"; };
		ED208E48150D637F0047AC02 /* NetCDFMover_b.h */ = {isa = PBXFileReference; fileEncoding = 4; lastKnownFileType = sourcecode.c.h; path = NetCDFMover_b.h; sourceTree = "<group>"; };
		ED208E49150D637F0047AC02 /* NetCDFMover_c.cpp */ = {isa = PBXFileReference; fileEncoding = 4; lastKnownFileType = sourcecode.cpp.cpp; path = NetCDFMover_c.cpp; sourceTree = "<group>"; };
		ED208E4A150D637F0047AC02 /* NetCDFMover_c.h */ = {isa = PBXFileReference; fileEncoding = 4; lastKnownFileType = sourcecode.c.h; path = NetCDFMover_c.h; sourceTree = "<group>"; };
		ED208E4B150D637F0047AC02 /* NetCDFMoverCurv_b.h */ = {isa = PBXFileReference; fileEncoding = 4; lastKnownFileType = sourcecode.c.h; path = NetCDFMoverCurv_b.h; sourceTree = "<group>"; };
		ED208E4C150D637F0047AC02 /* NetCDFMoverCurv_c.cpp */ = {isa = PBXFileReference; fileEncoding = 4; lastKnownFileType = sourcecode.cpp.cpp; path = NetCDFMoverCurv_c.cpp; sourceTree = "<group>"; };
		ED208E4D150D637F0047AC02 /* NetCDFMoverCurv_c.h */ = {isa = PBXFileReference; fileEncoding = 4; lastKnownFileType = sourcecode.c.h; path = NetCDFMoverCurv_c.h; sourceTree = "<group>"; };
		ED208E4E150D637F0047AC02 /* NetCDFMoverTri_b.h */ = {isa = PBXFileReference; fileEncoding = 4; lastKnownFileType = sourcecode.c.h; path = NetCDFMoverTri_b.h; sourceTree = "<group>"; };
		ED208E4F150D637F0047AC02 /* NetCDFMoverTri_c.cpp */ = {isa = PBXFileReference; fileEncoding = 4; lastKnownFileType = sourcecode.cpp.cpp; path = NetCDFMoverTri_c.cpp; sourceTree = "<group>"; };
		ED208E50150D637F0047AC02 /* NetCDFMoverTri_c.h */ = {isa = PBXFileReference; fileEncoding = 4; lastKnownFileType = sourcecode.c.h; path = NetCDFMoverTri_c.h; sourceTree = "<group>"; };
		ED208E51150D637F0047AC02 /* NetCDFWindMover_b.h */ = {isa = PBXFileReference; fileEncoding = 4; lastKnownFileType = sourcecode.c.h; path = NetCDFWindMover_b.h; sourceTree = "<group>"; };
		ED208E52150D637F0047AC02 /* NetCDFWindMover_c.cpp */ = {isa = PBXFileReference; fileEncoding = 4; lastKnownFileType = sourcecode.cpp.cpp; path = NetCDFWindMover_c.cpp; sourceTree = "<group>"; };
		ED208E53150D637F0047AC02 /* NetCDFWindMover_c.h */ = {isa = PBXFileReference; fileEncoding = 4; lastKnownFileType = sourcecode.c.h; path = NetCDFWindMover_c.h; sourceTree = "<group>"; };
		ED208E54150D637F0047AC02 /* NetCDFWindMoverCurv_b.h */ = {isa = PBXFileReference; fileEncoding = 4; lastKnownFileType = sourcecode.c.h; path = NetCDFWindMoverCurv_b.h; sourceTree = "<group>"; };
		ED208E55150D637F0047AC02 /* NetCDFWindMoverCurv_c.cpp */ = {isa = PBXFileReference; fileEncoding = 4; lastKnownFileType = sourcecode.cpp.cpp; path = NetCDFWindMoverCurv_c.cpp; sourceTree = "<group>"; };
		ED208E56150D637F0047AC02 /* NetCDFWindMoverCurv_c.h */ = {isa = PBXFileReference; fileEncoding = 4; lastKnownFileType = sourcecode.c.h; path = NetCDFWindMoverCurv_c.h; sourceTree = "<group>"; };
		ED208E57150D637F0047AC02 /* OSSMTimeValue_b.h */ = {isa = PBXFileReference; fileEncoding = 4; lastKnownFileType = sourcecode.c.h; path = OSSMTimeValue_b.h; sourceTree = "<group>"; };
		ED208E58150D637F0047AC02 /* OSSMTimeValue_c.cpp */ = {isa = PBXFileReference; fileEncoding = 4; lastKnownFileType = sourcecode.cpp.cpp; path = OSSMTimeValue_c.cpp; sourceTree = "<group>"; };
		ED208E59150D637F0047AC02 /* OSSMTimeValue_c.h */ = {isa = PBXFileReference; fileEncoding = 4; lastKnownFileType = sourcecode.c.h; path = OSSMTimeValue_c.h; sourceTree = "<group>"; };
		ED208E5A150D637F0047AC02 /* PtCurMap_c.cpp */ = {isa = PBXFileReference; fileEncoding = 4; lastKnownFileType = sourcecode.cpp.cpp; path = PtCurMap_c.cpp; sourceTree = "<group>"; };
		ED208E5B150D637F0047AC02 /* PtCurMap_c.h */ = {isa = PBXFileReference; fileEncoding = 4; lastKnownFileType = sourcecode.c.h; path = PtCurMap_c.h; sourceTree = "<group>"; };
		ED208E5C150D637F0047AC02 /* PtCurMover_c.cpp */ = {isa = PBXFileReference; fileEncoding = 4; lastKnownFileType = sourcecode.cpp.cpp; path = PtCurMover_c.cpp; sourceTree = "<group>"; };
		ED208E5D150D637F0047AC02 /* PtCurMover_c.h */ = {isa = PBXFileReference; fileEncoding = 4; lastKnownFileType = sourcecode.c.h; path = PtCurMover_c.h; sourceTree = "<group>"; };
		ED208E5E150D637F0047AC02 /* Random3D_b.h */ = {isa = PBXFileReference; fileEncoding = 4; lastKnownFileType = sourcecode.c.h; path = Random3D_b.h; sourceTree = "<group>"; };
		ED208E5F150D637F0047AC02 /* Random3D_c.cpp */ = {isa = PBXFileReference; fileEncoding = 4; lastKnownFileType = sourcecode.cpp.cpp; path = Random3D_c.cpp; sourceTree = "<group>"; };
		ED208E60150D637F0047AC02 /* Random3D_c.h */ = {isa = PBXFileReference; fileEncoding = 4; lastKnownFileType = sourcecode.c.h; path = Random3D_c.h; sourceTree = "<group>"; };
		ED208E61150D637F0047AC02 /* Random_b.h */ = {isa = PBXFileReference; fileEncoding = 4; lastKnownFileType = sourcecode.c.h; path = Random_b.h; sourceTree = "<group>"; };
		ED208E62150D637F0047AC02 /* Random_c.cpp */ = {isa = PBXFileReference; fileEncoding = 4; lastKnownFileType = sourcecode.cpp.cpp; path = Random_c.cpp; sourceTree = "<group>"; };
		ED208E63150D637F0047AC02 /* Random_c.h */ = {isa = PBXFileReference; fileEncoding = 4; lastKnownFileType = sourcecode.c.h; path = Random_c.h; sourceTree = "<group>"; };
		ED208E64150D637F0047AC02 /* TideCurCycleMover_b.h */ = {isa = PBXFileReference; fileEncoding = 4; lastKnownFileType = sourcecode.c.h; path = TideCurCycleMover_b.h; sourceTree = "<group>"; };
		ED208E65150D637F0047AC02 /* TideCurCycleMover_c.cpp */ = {isa = PBXFileReference; fileEncoding = 4; lastKnownFileType = sourcecode.cpp.cpp; path = TideCurCycleMover_c.cpp; sourceTree = "<group>"; };
		ED208E66150D637F0047AC02 /* TideCurCycleMover_c.h */ = {isa = PBXFileReference; fileEncoding = 4; lastKnownFileType = sourcecode.c.h; path = TideCurCycleMover_c.h; sourceTree = "<group>"; };
		ED208E67150D637F0047AC02 /* TimeValue_b.h */ = {isa = PBXFileReference; fileEncoding = 4; lastKnownFileType = sourcecode.c.h; path = TimeValue_b.h; sourceTree = "<group>"; };
		ED208E68150D637F0047AC02 /* TimeValue_c.cpp */ = {isa = PBXFileReference; fileEncoding = 4; lastKnownFileType = sourcecode.cpp.cpp; path = TimeValue_c.cpp; sourceTree = "<group>"; };
		ED208E69150D637F0047AC02 /* TimeValue_c.h */ = {isa = PBXFileReference; fileEncoding = 4; lastKnownFileType = sourcecode.c.h; path = TimeValue_c.h; sourceTree = "<group>"; };
		ED208E6A150D637F0047AC02 /* TriCurMover_b.h */ = {isa = PBXFileReference; fileEncoding = 4; lastKnownFileType = sourcecode.c.h; path = TriCurMover_b.h; sourceTree = "<group>"; };
		ED208E6B150D637F0047AC02 /* TriCurMover_c.cpp */ = {isa = PBXFileReference; fileEncoding = 4; lastKnownFileType = sourcecode.cpp.cpp; path = TriCurMover_c.cpp; sourceTree = "<group>"; };
		ED208E6C150D637F0047AC02 /* TriCurMover_c.h */ = {isa = PBXFileReference; fileEncoding = 4; lastKnownFileType = sourcecode.c.h; path = TriCurMover_c.h; sourceTree = "<group>"; };
		ED208E6D150D637F0047AC02 /* WindMover_b.h */ = {isa = PBXFileReference; fileEncoding = 4; lastKnownFileType = sourcecode.c.h; path = WindMover_b.h; sourceTree = "<group>"; };
		ED208E6E150D637F0047AC02 /* WindMover_c.cpp */ = {isa = PBXFileReference; fileEncoding = 4; lastKnownFileType = sourcecode.cpp.cpp; path = WindMover_c.cpp; sourceTree = "<group>"; };
		ED208E6F150D637F0047AC02 /* WindMover_c.h */ = {isa = PBXFileReference; fileEncoding = 4; lastKnownFileType = sourcecode.c.h; path = WindMover_c.h; sourceTree = "<group>"; };
		ED208F14150D67EF0047AC02 /* GEOMETR2.CPP */ = {isa = PBXFileReference; fileEncoding = 4; lastKnownFileType = sourcecode.cpp.cpp; path = GEOMETR2.CPP; sourceTree = "<group>"; };
		ED208F15150D67EF0047AC02 /* GEOMETRY.CPP */ = {isa = PBXFileReference; fileEncoding = 4; lastKnownFileType = sourcecode.cpp.cpp; path = GEOMETRY.CPP; sourceTree = "<group>"; };
		ED208F16150D67EF0047AC02 /* GEOMETRY.H */ = {isa = PBXFileReference; fileEncoding = 4; lastKnownFileType = sourcecode.cpp.h; path = GEOMETRY.H; sourceTree = "<group>"; };
		ED208F17150D67EF0047AC02 /* RectUtils.cpp */ = {isa = PBXFileReference; fileEncoding = 4; lastKnownFileType = sourcecode.cpp.cpp; path = RectUtils.cpp; sourceTree = "<group>"; };
		ED208F18150D67EF0047AC02 /* RectUtils.h */ = {isa = PBXFileReference; fileEncoding = 4; lastKnownFileType = sourcecode.c.h; path = RectUtils.h; sourceTree = "<group>"; };
		ED208F1C150D68A70047AC02 /* Basics.h */ = {isa = PBXFileReference; fileEncoding = 4; lastKnownFileType = sourcecode.c.h; path = Basics.h; sourceTree = "<group>"; };
		ED208F3F150D6B880047AC02 /* CMYLIST.CPP */ = {isa = PBXFileReference; fileEncoding = 4; lastKnownFileType = sourcecode.cpp.cpp; path = CMYLIST.CPP; sourceTree = "<group>"; };
		ED208F40150D6B880047AC02 /* CMYLIST.H */ = {isa = PBXFileReference; fileEncoding = 4; lastKnownFileType = sourcecode.cpp.h; path = CMYLIST.H; sourceTree = "<group>"; };
		ED208F41150D6B880047AC02 /* TypeDefs.h */ = {isa = PBXFileReference; fileEncoding = 4; lastKnownFileType = sourcecode.c.h; path = TypeDefs.h; sourceTree = "<group>"; };
		ED209024150D7A4B0047AC02 /* GridVel_c.h */ = {isa = PBXFileReference; fileEncoding = 4; lastKnownFileType = sourcecode.c.h; path = GridVel_c.h; sourceTree = "<group>"; };
		ED209028150D7B040047AC02 /* TriGridVel_c.h */ = {isa = PBXFileReference; fileEncoding = 4; lastKnownFileType = sourcecode.c.h; path = TriGridVel_c.h; sourceTree = "<group>"; };
		ED209029150D7B040047AC02 /* TriGridVel_c.cpp */ = {isa = PBXFileReference; fileEncoding = 4; lastKnownFileType = sourcecode.cpp.cpp; path = TriGridVel_c.cpp; sourceTree = "<group>"; };
		ED20903A150D7CC90047AC02 /* DagStruct.h */ = {isa = PBXFileReference; fileEncoding = 4; lastKnownFileType = sourcecode.c.h; path = DagStruct.h; sourceTree = "<group>"; };
		ED20903B150D7CC90047AC02 /* DagTree.cpp */ = {isa = PBXFileReference; fileEncoding = 4; lastKnownFileType = sourcecode.cpp.cpp; path = DagTree.cpp; sourceTree = "<group>"; };
		ED20903C150D7CC90047AC02 /* DagTree.h */ = {isa = PBXFileReference; fileEncoding = 4; lastKnownFileType = sourcecode.c.h; path = DagTree.h; sourceTree = "<group>"; };
		ED20903D150D7CC90047AC02 /* DagTreeIO.cpp */ = {isa = PBXFileReference; fileEncoding = 4; lastKnownFileType = sourcecode.cpp.cpp; path = DagTreeIO.cpp; sourceTree = "<group>"; };
		ED20903E150D7CC90047AC02 /* DagTreeIO.h */ = {isa = PBXFileReference; fileEncoding = 4; lastKnownFileType = sourcecode.c.h; path = DagTreeIO.h; sourceTree = "<group>"; };
		ED209061150D7DD30047AC02 /* MemUtils.cpp */ = {isa = PBXFileReference; fileEncoding = 4; lastKnownFileType = sourcecode.cpp.cpp; path = MemUtils.cpp; sourceTree = "<group>"; };
		ED209062150D7DD30047AC02 /* MemUtils.h */ = {isa = PBXFileReference; fileEncoding = 4; lastKnownFileType = sourcecode.c.h; path = MemUtils.h; sourceTree = "<group>"; };
		ED20908D150D80210047AC02 /* TVectMap.h */ = {isa = PBXFileReference; fileEncoding = 4; lastKnownFileType = sourcecode.c.h; path = TVectMap.h; sourceTree = "<group>"; };
		ED3F62F3150D92A000612E48 /* VectMap_c.cpp */ = {isa = PBXFileReference; fileEncoding = 4; lastKnownFileType = sourcecode.cpp.cpp; path = VectMap_c.cpp; sourceTree = "<group>"; };
		ED3F62F4150D92A000612E48 /* VectMap_c.h */ = {isa = PBXFileReference; fileEncoding = 4; lastKnownFileType = sourcecode.c.h; path = VectMap_c.h; sourceTree = "<group>"; };
		ED3F6321150D953200612E48 /* CompFunctions.cpp */ = {isa = PBXFileReference; fileEncoding = 4; lastKnownFileType = sourcecode.cpp.cpp; path = CompFunctions.cpp; sourceTree = "<group>"; };
		ED3F6322150D953200612E48 /* CompFunctions.h */ = {isa = PBXFileReference; fileEncoding = 4; lastKnownFileType = sourcecode.c.h; path = CompFunctions.h; sourceTree = "<group>"; };
/* End PBXFileReference section */

/* Begin PBXFrameworksBuildPhase section */
		0D4817540E1D4EA800EA36C9 /* Frameworks */ = {
			isa = PBXFrameworksBuildPhase;
			buildActionMask = 2147483647;
			files = (
			);
			runOnlyForDeploymentPostprocessing = 0;
		};
/* End PBXFrameworksBuildPhase section */

/* Begin PBXGroup section */
		0D4816C00E1D4CBA00EA36C9 = {
			isa = PBXGroup;
			children = (
				ED208D7B150D637F0047AC02 /* gui_gnome */,
				ED208E1F150D637F0047AC02 /* lib_gnome */,
				0D4817570E1D4EA800EA36C9 /* Products */,
			);
			sourceTree = "<group>";
		};
		0D4817570E1D4EA800EA36C9 /* Products */ = {
			isa = PBXGroup;
			children = (
				0D9D32EF0E226E6E0083E689 /* gnome.app */,
			);
			name = Products;
			sourceTree = "<group>";
		};
		ED208D7B150D637F0047AC02 /* gui_gnome */ = {
			isa = PBXGroup;
			children = (
				ED208D7C150D637F0047AC02 /* ADCPMover.cpp */,
				ED208D7D150D637F0047AC02 /* ADCPMover.h */,
				ED208D7E150D637F0047AC02 /* ADCPTimeValue.cpp */,
				ED208D7F150D637F0047AC02 /* ADCPTimeValue.h */,
				ED208D80150D637F0047AC02 /* CarbonUtil.cpp */,
				ED208D81150D637F0047AC02 /* CarbonUtil.h */,
				ED208D82150D637F0047AC02 /* CDOGDialogs.cpp */,
				ED208D83150D637F0047AC02 /* CDOGVarDischargeDialog.cpp */,
				ED208D84150D637F0047AC02 /* CLASSES.CPP */,
				ED208D85150D637F0047AC02 /* CLASSES.H */,
				ED208D86150D637F0047AC02 /* CMap2.cpp */,
				ED208D87150D637F0047AC02 /* CMap2.h */,
				ED208D88150D637F0047AC02 /* CMapLayer.cpp */,
				ED208D8D150D637F0047AC02 /* CONTDLG.cpp */,
				ED208D8E150D637F0047AC02 /* CONTDLG.H */,
				ED208D8F150D637F0047AC02 /* CROSS.CPP */,
				ED208D90150D637F0047AC02 /* CROSS.H */,
				ED208D91150D637F0047AC02 /* CROSS2.CPP */,
				ED208D97150D637F0047AC02 /* DIBUTIL.CPP */,
				ED208D98150D637F0047AC02 /* Dispersion.cpp */,
				ED208D99150D637F0047AC02 /* DRAW.CPP */,
				ED208D9B150D637F0047AC02 /* EditCDOGProfilesDialog.cpp */,
				ED208D9C150D637F0047AC02 /* EditCDOGProfilesDialog.h */,
				ED208D9D150D637F0047AC02 /* EditWindsDialog.cpp */,
				ED208D9E150D637F0047AC02 /* EditWindsDialog.h */,
				ED208D9F150D637F0047AC02 /* GENDEFS.H */,
				ED208DA0150D637F0047AC02 /* GENUTIL.CPP */,
				ED208DA1150D637F0047AC02 /* GENUTIL.H */,
				ED208DA5150D637F0047AC02 /* Graphing.cpp */,
				ED208DA6150D637F0047AC02 /* Graphing.h */,
				ED208DA7150D637F0047AC02 /* GraphingDlog.cpp */,
				ED208DA8150D637F0047AC02 /* GraphingDlog2.cpp */,
				ED208DA9150D637F0047AC02 /* GridCurMover.cpp */,
				ED208DAA150D637F0047AC02 /* GridCurMover.h */,
				ED208DAD150D637F0047AC02 /* GridWindMover.cpp */,
				ED208DAE150D637F0047AC02 /* GridWindMover.h */,
				ED208DAF150D637F0047AC02 /* LayerUtils.cpp */,
				ED208DB0150D637F0047AC02 /* LELISTS.CPP */,
				ED208DB1150D637F0047AC02 /* MakeDagTree.cpp */,
				ED208DB2150D637F0047AC02 /* MakeMovie.cpp */,
				ED208DB3150D637F0047AC02 /* MakeMovie.h */,
				ED208DB4150D637F0047AC02 /* MakeTriangles.cpp */,
				ED208DB5150D637F0047AC02 /* MapUtils.cpp */,
				ED208DB6150D637F0047AC02 /* MapUtils.h */,
				ED208DB9150D637F0047AC02 /* my_build_list.h */,
				ED208DBA150D637F0047AC02 /* MYFILES.CPP */,
				ED208DBB150D637F0047AC02 /* MYRANDOM.CPP */,
				ED208DBC150D637F0047AC02 /* MYRANDOM.H */,
				ED208DBD150D637F0047AC02 /* netcdf.h */,
				ED208DBE150D637F0047AC02 /* NetCDFMover.cpp */,
				ED208DBF150D637F0047AC02 /* NetCDFMover.h */,
				ED208DC0150D637F0047AC02 /* NetCDFMoverCurv.cpp */,
				ED208DC1150D637F0047AC02 /* NetCDFMoverCurv.h */,
				ED208DC2150D637F0047AC02 /* NetCDFMoverTri.cpp */,
				ED208DC3150D637F0047AC02 /* NetCDFMoverTri.h */,
				ED208DC4150D637F0047AC02 /* NetCDFStore.cpp */,
				ED208DC5150D637F0047AC02 /* NetCDFStore.h */,
				ED208DC6150D637F0047AC02 /* NetCDFWindMover.cpp */,
				ED208DC7150D637F0047AC02 /* NetCDFWindMover.h */,
				ED208DC8150D637F0047AC02 /* NetCDFWindMoverCurv.cpp */,
				ED208DC9150D637F0047AC02 /* NetCDFWindMoverCurv.h */,
				ED208DCA150D637F0047AC02 /* ObjectUtils.cpp */,
				ED208DCB150D637F0047AC02 /* ObjectUtils.h */,
				ED208DCC150D637F0047AC02 /* OSSM.CPP */,
				ED208DCD150D637F0047AC02 /* OSSM.H */,
				ED208DCE150D637F0047AC02 /* OUTILS.CPP */,
				ED208DCF150D637F0047AC02 /* OUTILS.H */,
				ED208DD0150D637F0047AC02 /* OUTPUT.CPP */,
				ED208DD1150D637F0047AC02 /* Overlays.cpp */,
				ED208DD2150D637F0047AC02 /* Overlays.h */,
				ED208DD3150D637F0047AC02 /* PolyUtils.cpp */,
				ED208DD4150D637F0047AC02 /* PtCurMap.cpp */,
				ED208DD5150D637F0047AC02 /* PtCurMap.h */,
				ED208DD6150D637F0047AC02 /* PtCurMover.cpp */,
				ED208DD7150D637F0047AC02 /* PtCurMover.h */,
				ED208DDA150D637F0047AC02 /* SAMENU.CPP */,
				ED208DDB150D637F0047AC02 /* SAMENU.H */,
				ED208DDC150D637F0047AC02 /* SAMENU_MDEF.cpp */,
				ED208DDD150D637F0047AC02 /* SETTINGS.CPP */,
				ED208DDE150D637F0047AC02 /* Shio.h */,
				ED208DDF150D637F0047AC02 /* ShioCurrent1.cpp */,
				ED208DE0150D637F0047AC02 /* ShioCurrent2.cpp */,
				ED208DE1150D637F0047AC02 /* ShioHeight.cpp */,
				ED208DE2150D637F0047AC02 /* StringFunctions.cpp */,
				ED208DE3150D637F0047AC02 /* StringFunctions.h */,
				ED208DE4150D637F0047AC02 /* SYSTEM.CPP */,
				ED208DE5150D637F0047AC02 /* TCATSMover.cpp */,
				ED208DE6150D637F0047AC02 /* TCATSMover.h */,
				ED208DE7150D637F0047AC02 /* TCATSMover3D.cpp */,
				ED208DE8150D637F0047AC02 /* TCATSMover3D.h */,
				ED208DE9150D637F0047AC02 /* TClassID.cpp */,
				ED208DEA150D637F0047AC02 /* TClassID.h */,
				ED208DEB150D637F0047AC02 /* TComponentMover.cpp */,
				ED208DEC150D637F0047AC02 /* TComponentMover.h */,
				ED208DED150D637F0047AC02 /* TCompoundMap.cpp */,
				ED208DEE150D637F0047AC02 /* TCompoundMap.h */,
				ED208DEF150D637F0047AC02 /* TCompoundMover.cpp */,
				ED208DF0150D637F0047AC02 /* TCompoundMover.h */,
				ED208DF1150D637F0047AC02 /* TCurrentMover.cpp */,
				ED208DF2150D637F0047AC02 /* TCurrentMover.h */,
				ED208DF3150D637F0047AC02 /* TextRect.cpp */,
				ED208DF4150D637F0047AC02 /* TextRect.h */,
				ED208DF5150D637F0047AC02 /* TideCurCycleMover.cpp */,
				ED208DF6150D637F0047AC02 /* TideCurCycleMover.h */,
				ED208DF7150D637F0047AC02 /* TimeValuesIO.cpp */,
				ED208DF8150D637F0047AC02 /* TimUtils.cpp */,
				ED208DF9150D637F0047AC02 /* TimUtils.h */,
				ED208DFA150D637F0047AC02 /* TMap.cpp */,
				ED208DFB150D637F0047AC02 /* TMap.h */,
				ED208DFC150D637F0047AC02 /* TModel.cpp */,
				ED208DFD150D637F0047AC02 /* TModel.h */,
				ED208DFE150D637F0047AC02 /* TMover.cpp */,
				ED208DFF150D637F0047AC02 /* TMover.h */,
				ED208E00150D637F0047AC02 /* TOSSMMap.cpp */,
				ED208E01150D637F0047AC02 /* TOSSMTimeValue.cpp */,
				ED208E02150D637F0047AC02 /* TOSSMTimeValue.h */,
				ED208E03150D637F0047AC02 /* TRandom.cpp */,
				ED208E04150D637F0047AC02 /* TRandom.h */,
				ED208E05150D637F0047AC02 /* TRandom3D.cpp */,
				ED208E06150D637F0047AC02 /* TRandom3D.h */,
				ED208E07150D637F0047AC02 /* TRandomCATSMover.h */,
				ED208E08150D637F0047AC02 /* TriCurMover.cpp */,
				ED208E09150D637F0047AC02 /* TriCurMover.h */,
				ED208E0A150D637F0047AC02 /* TShioTimeValue.cpp */,
				ED208E0B150D637F0047AC02 /* TShioTimeValue.h */,
				ED208E0C150D637F0047AC02 /* TSprayLEList.CPP */,
				ED208E0D150D637F0047AC02 /* TTimeValue.cpp */,
				ED208E0E150D637F0047AC02 /* TTimeValue.h */,
				ED208E10150D637F0047AC02 /* TWeather.cpp */,
				ED208E11150D637F0047AC02 /* TWindMover.cpp */,
				ED208E12150D637F0047AC02 /* TWindMover.h */,
				ED208E14150D637F0047AC02 /* Uncertainty.cpp */,
				ED208E15150D637F0047AC02 /* Uncertainty.h */,
				ED208E16150D637F0047AC02 /* Units.h */,
				ED208E17150D637F0047AC02 /* UTILS.CPP */,
				ED208E18150D637F0047AC02 /* VLIST.CPP */,
				ED208E19150D637F0047AC02 /* VLIST.H */,
				ED208E1A150D637F0047AC02 /* WindSettings.h */,
				ED208E1B150D637F0047AC02 /* WindUncertainty.cpp */,
				ED208E1C150D637F0047AC02 /* WindUncertainty.h */,
				ED208E1D150D637F0047AC02 /* Wizard.cpp */,
				ED208E1E150D637F0047AC02 /* Wizard.h */,
				ED208D9A150D637F0047AC02 /* Earl.h */,
				ED208DAB150D637F0047AC02 /* GridVel.cpp */,
				ED208DAC150D637F0047AC02 /* GridVel.h */,
				ED20908D150D80210047AC02 /* TVectMap.h */,
				ED208E0F150D637F0047AC02 /* TVectMap.cpp */,
			);
			name = gui_gnome;
			path = ../gui_gnome;
			sourceTree = SOURCE_ROOT;
		};
		ED208E1F150D637F0047AC02 /* lib_gnome */ = {
			isa = PBXGroup;
			children = (
				ED3F6321150D953200612E48 /* CompFunctions.cpp */,
				ED3F6322150D953200612E48 /* CompFunctions.h */,
				ED3F62F3150D92A000612E48 /* VectMap_c.cpp */,
				ED3F62F4150D92A000612E48 /* VectMap_c.h */,
				ED209061150D7DD30047AC02 /* MemUtils.cpp */,
				ED209062150D7DD30047AC02 /* MemUtils.h */,
				ED20903A150D7CC90047AC02 /* DagStruct.h */,
				ED20903B150D7CC90047AC02 /* DagTree.cpp */,
				ED20903C150D7CC90047AC02 /* DagTree.h */,
				ED20903D150D7CC90047AC02 /* DagTreeIO.cpp */,
				ED20903E150D7CC90047AC02 /* DagTreeIO.h */,
				ED208F1C150D68A70047AC02 /* Basics.h */,
				ED209024150D7A4B0047AC02 /* GridVel_c.h */,
				ED209028150D7B040047AC02 /* TriGridVel_c.h */,
				ED209029150D7B040047AC02 /* TriGridVel_c.cpp */,
				ED208F41150D6B880047AC02 /* TypeDefs.h */,
				ED208F14150D67EF0047AC02 /* GEOMETR2.CPP */,
				ED208F15150D67EF0047AC02 /* GEOMETRY.CPP */,
				ED208F16150D67EF0047AC02 /* GEOMETRY.H */,
				ED208F17150D67EF0047AC02 /* RectUtils.cpp */,
				ED208F18150D67EF0047AC02 /* RectUtils.h */,
				ED208E20150D637F0047AC02 /* ADCPMover_b.h */,
				ED208E21150D637F0047AC02 /* ADCPMover_c.cpp */,
				ED208E22150D637F0047AC02 /* ADCPMover_c.h */,
				ED208E23150D637F0047AC02 /* ADCPTimeValue_b.h */,
				ED208E24150D637F0047AC02 /* ADCPTimeValue_c.cpp */,
				ED208E25150D637F0047AC02 /* ADCPTimeValue_c.h */,
				ED208E26150D637F0047AC02 /* CATSMover3D_b.h */,
				ED208E27150D637F0047AC02 /* CATSMover3D_c.cpp */,
				ED208E28150D637F0047AC02 /* CATSMover3D_c.h */,
				ED208E29150D637F0047AC02 /* CATSMover_b.h */,
				ED208E2A150D637F0047AC02 /* CATSMover_c.cpp */,
				ED208E2B150D637F0047AC02 /* CATSMover_c.h */,
				ED208E2C150D637F0047AC02 /* ClassID_b.h */,
				ED208E2D150D637F0047AC02 /* ClassID_c.cpp */,
				ED208E2E150D637F0047AC02 /* ClassID_c.h */,
				ED208F3F150D6B880047AC02 /* CMYLIST.CPP */,
				ED208F40150D6B880047AC02 /* CMYLIST.H */,
				ED208E2F150D637F0047AC02 /* ComponentMover_b.h */,
				ED208E30150D637F0047AC02 /* ComponentMover_c.cpp */,
				ED208E31150D637F0047AC02 /* ComponentMover_c.h */,
				ED208E32150D637F0047AC02 /* CompoundMap_c.cpp */,
				ED208E33150D637F0047AC02 /* CompoundMap_c.h */,
				ED208E34150D637F0047AC02 /* CompoundMover_b.h */,
				ED208E35150D637F0047AC02 /* CompoundMover_c.cpp */,
				ED208E36150D637F0047AC02 /* CompoundMover_c.h */,
				ED208E37150D637F0047AC02 /* CurrentMover_b.h */,
				ED208E38150D637F0047AC02 /* CurrentMover_c.cpp */,
				ED208E39150D637F0047AC02 /* CurrentMover_c.h */,
				ED208E3A150D637F0047AC02 /* GridCurMover_b.h */,
				ED208E3B150D637F0047AC02 /* GridCurMover_c.cpp */,
				ED208E3C150D637F0047AC02 /* GridCurMover_c.h */,
				ED208E3D150D637F0047AC02 /* GridWindMover_b.h */,
				ED208E3E150D637F0047AC02 /* GridWindMover_c.cpp */,
				ED208E3F150D637F0047AC02 /* GridWindMover_c.h */,
				ED208E40150D637F0047AC02 /* Map_b.h */,
				ED208E41150D637F0047AC02 /* Map_c.cpp */,
				ED208E42150D637F0047AC02 /* Map_c.h */,
				ED208E43150D637F0047AC02 /* Model_c.cpp */,
				ED208E44150D637F0047AC02 /* Model_c.h */,
				ED208E45150D637F0047AC02 /* Mover_b.h */,
				ED208E46150D637F0047AC02 /* Mover_c.cpp */,
				ED208E47150D637F0047AC02 /* Mover_c.h */,
				ED208E48150D637F0047AC02 /* NetCDFMover_b.h */,
				ED208E49150D637F0047AC02 /* NetCDFMover_c.cpp */,
				ED208E4A150D637F0047AC02 /* NetCDFMover_c.h */,
				ED208E4B150D637F0047AC02 /* NetCDFMoverCurv_b.h */,
				ED208E4C150D637F0047AC02 /* NetCDFMoverCurv_c.cpp */,
				ED208E4D150D637F0047AC02 /* NetCDFMoverCurv_c.h */,
				ED208E4E150D637F0047AC02 /* NetCDFMoverTri_b.h */,
				ED208E4F150D637F0047AC02 /* NetCDFMoverTri_c.cpp */,
				ED208E50150D637F0047AC02 /* NetCDFMoverTri_c.h */,
				ED208E51150D637F0047AC02 /* NetCDFWindMover_b.h */,
				ED208E52150D637F0047AC02 /* NetCDFWindMover_c.cpp */,
				ED208E53150D637F0047AC02 /* NetCDFWindMover_c.h */,
				ED208E54150D637F0047AC02 /* NetCDFWindMoverCurv_b.h */,
				ED208E55150D637F0047AC02 /* NetCDFWindMoverCurv_c.cpp */,
				ED208E56150D637F0047AC02 /* NetCDFWindMoverCurv_c.h */,
				ED208E57150D637F0047AC02 /* OSSMTimeValue_b.h */,
				ED208E58150D637F0047AC02 /* OSSMTimeValue_c.cpp */,
				ED208E59150D637F0047AC02 /* OSSMTimeValue_c.h */,
				ED208E5A150D637F0047AC02 /* PtCurMap_c.cpp */,
				ED208E5B150D637F0047AC02 /* PtCurMap_c.h */,
				ED208E5C150D637F0047AC02 /* PtCurMover_c.cpp */,
				ED208E5D150D637F0047AC02 /* PtCurMover_c.h */,
				ED208E5E150D637F0047AC02 /* Random3D_b.h */,
				ED208E5F150D637F0047AC02 /* Random3D_c.cpp */,
				ED208E60150D637F0047AC02 /* Random3D_c.h */,
				ED208E61150D637F0047AC02 /* Random_b.h */,
				ED208E62150D637F0047AC02 /* Random_c.cpp */,
				ED208E63150D637F0047AC02 /* Random_c.h */,
				ED208E64150D637F0047AC02 /* TideCurCycleMover_b.h */,
				ED208E65150D637F0047AC02 /* TideCurCycleMover_c.cpp */,
				ED208E66150D637F0047AC02 /* TideCurCycleMover_c.h */,
				ED208E67150D637F0047AC02 /* TimeValue_b.h */,
				ED208E68150D637F0047AC02 /* TimeValue_c.cpp */,
				ED208E69150D637F0047AC02 /* TimeValue_c.h */,
				ED208E6A150D637F0047AC02 /* TriCurMover_b.h */,
				ED208E6B150D637F0047AC02 /* TriCurMover_c.cpp */,
				ED208E6C150D637F0047AC02 /* TriCurMover_c.h */,
				ED208E6D150D637F0047AC02 /* WindMover_b.h */,
				ED208E6E150D637F0047AC02 /* WindMover_c.cpp */,
				ED208E6F150D637F0047AC02 /* WindMover_c.h */,
			);
			name = lib_gnome;
			path = ../lib_gnome;
			sourceTree = SOURCE_ROOT;
		};
/* End PBXGroup section */

/* Begin PBXNativeTarget section */
		0D4817550E1D4EA800EA36C9 /* gnome */ = {
			isa = PBXNativeTarget;
			buildConfigurationList = 0D48175A0E1D4EAA00EA36C9 /* Build configuration list for PBXNativeTarget "gnome" */;
			buildPhases = (
				0D4817AF0E1D512B00EA36C9 /* Rez */,
				0D4817520E1D4EA800EA36C9 /* Resources */,
				0D4817530E1D4EA800EA36C9 /* Sources */,
				0D4817540E1D4EA800EA36C9 /* Frameworks */,
			);
			buildRules = (
			);
			dependencies = (
			);
			name = gnome;
			productName = gnome_xcode;
			productReference = 0D9D32EF0E226E6E0083E689 /* gnome.app */;
			productType = "com.apple.product-type.application";
		};
/* End PBXNativeTarget section */

/* Begin PBXProject section */
		0D4816C20E1D4CBA00EA36C9 /* Project object */ = {
			isa = PBXProject;
			buildConfigurationList = 0D4816C30E1D4CBA00EA36C9 /* Build configuration list for PBXProject "gnome" */;
			compatibilityVersion = "Xcode 2.4";
			developmentRegion = English;
			hasScannedForEncodings = 0;
			knownRegions = (
				English,
				Japanese,
				French,
				German,
			);
			mainGroup = 0D4816C00E1D4CBA00EA36C9;
			productRefGroup = 0D4817570E1D4EA800EA36C9 /* Products */;
			projectDirPath = "";
			projectRoot = "";
			targets = (
				0D4817550E1D4EA800EA36C9 /* gnome */,
			);
		};
/* End PBXProject section */

/* Begin PBXResourcesBuildPhase section */
		0D4817520E1D4EA800EA36C9 /* Resources */ = {
			isa = PBXResourcesBuildPhase;
			buildActionMask = 2147483647;
			files = (
			);
			runOnlyForDeploymentPostprocessing = 0;
		};
/* End PBXResourcesBuildPhase section */

/* Begin PBXRezBuildPhase section */
		0D4817AF0E1D512B00EA36C9 /* Rez */ = {
			isa = PBXRezBuildPhase;
			buildActionMask = 2147483647;
			files = (
			);
			runOnlyForDeploymentPostprocessing = 0;
		};
/* End PBXRezBuildPhase section */

/* Begin PBXSourcesBuildPhase section */
		0D4817530E1D4EA800EA36C9 /* Sources */ = {
			isa = PBXSourcesBuildPhase;
			buildActionMask = 2147483647;
			files = (
				ED208E70150D637F0047AC02 /* ADCPMover.cpp in Sources */,
				ED208E71150D637F0047AC02 /* ADCPTimeValue.cpp in Sources */,
				ED208E72150D637F0047AC02 /* CarbonUtil.cpp in Sources */,
				ED208E73150D637F0047AC02 /* CDOGDialogs.cpp in Sources */,
				ED208E74150D637F0047AC02 /* CDOGVarDischargeDialog.cpp in Sources */,
				ED208E75150D637F0047AC02 /* CLASSES.CPP in Sources */,
				ED208E76150D637F0047AC02 /* CMap2.cpp in Sources */,
				ED208E77150D637F0047AC02 /* CMapLayer.cpp in Sources */,
				ED208E7A150D637F0047AC02 /* CONTDLG.cpp in Sources */,
				ED208E7B150D637F0047AC02 /* CROSS.CPP in Sources */,
				ED208E7C150D637F0047AC02 /* CROSS2.CPP in Sources */,
				ED208E7F150D637F0047AC02 /* DIBUTIL.CPP in Sources */,
				ED208E80150D637F0047AC02 /* Dispersion.cpp in Sources */,
				ED208E81150D637F0047AC02 /* DRAW.CPP in Sources */,
				ED208E82150D637F0047AC02 /* EditCDOGProfilesDialog.cpp in Sources */,
				ED208E83150D637F0047AC02 /* EditWindsDialog.cpp in Sources */,
				ED208E84150D637F0047AC02 /* GENUTIL.CPP in Sources */,
				ED208E87150D637F0047AC02 /* Graphing.cpp in Sources */,
				ED208E88150D637F0047AC02 /* GraphingDlog.cpp in Sources */,
				ED208E89150D637F0047AC02 /* GraphingDlog2.cpp in Sources */,
				ED208E8A150D637F0047AC02 /* GridCurMover.cpp in Sources */,
				ED208E8B150D637F0047AC02 /* GridVel.cpp in Sources */,
				ED208E8C150D637F0047AC02 /* GridWindMover.cpp in Sources */,
				ED208E8D150D637F0047AC02 /* LayerUtils.cpp in Sources */,
				ED208E8E150D637F0047AC02 /* LELISTS.CPP in Sources */,
				ED208E8F150D637F0047AC02 /* MakeDagTree.cpp in Sources */,
				ED208E90150D637F0047AC02 /* MakeMovie.cpp in Sources */,
				ED208E91150D637F0047AC02 /* MakeTriangles.cpp in Sources */,
				ED208E92150D637F0047AC02 /* MapUtils.cpp in Sources */,
				ED208E94150D637F0047AC02 /* MYFILES.CPP in Sources */,
				ED208E95150D637F0047AC02 /* MYRANDOM.CPP in Sources */,
				ED208E96150D637F0047AC02 /* NetCDFMover.cpp in Sources */,
				ED208E97150D637F0047AC02 /* NetCDFMoverCurv.cpp in Sources */,
				ED208E98150D637F0047AC02 /* NetCDFMoverTri.cpp in Sources */,
				ED208E99150D637F0047AC02 /* NetCDFStore.cpp in Sources */,
				ED208E9A150D637F0047AC02 /* NetCDFWindMover.cpp in Sources */,
				ED208E9B150D637F0047AC02 /* NetCDFWindMoverCurv.cpp in Sources */,
				ED208E9C150D637F0047AC02 /* ObjectUtils.cpp in Sources */,
				ED208E9D150D637F0047AC02 /* OSSM.CPP in Sources */,
				ED208E9E150D637F0047AC02 /* OUTILS.CPP in Sources */,
				ED208E9F150D637F0047AC02 /* OUTPUT.CPP in Sources */,
				ED208EA0150D637F0047AC02 /* Overlays.cpp in Sources */,
				ED208EA1150D637F0047AC02 /* PolyUtils.cpp in Sources */,
				ED208EA2150D637F0047AC02 /* PtCurMap.cpp in Sources */,
				ED208EA3150D637F0047AC02 /* PtCurMover.cpp in Sources */,
				ED208EA5150D637F0047AC02 /* SAMENU.CPP in Sources */,
				ED208EA6150D637F0047AC02 /* SAMENU_MDEF.cpp in Sources */,
				ED208EA7150D637F0047AC02 /* SETTINGS.CPP in Sources */,
				ED208EA8150D637F0047AC02 /* ShioCurrent1.cpp in Sources */,
				ED208EA9150D637F0047AC02 /* ShioCurrent2.cpp in Sources */,
				ED208EAA150D637F0047AC02 /* ShioHeight.cpp in Sources */,
				ED208EAB150D637F0047AC02 /* StringFunctions.cpp in Sources */,
				ED208EAC150D637F0047AC02 /* SYSTEM.CPP in Sources */,
				ED208EAD150D637F0047AC02 /* TCATSMover.cpp in Sources */,
				ED208EAE150D637F0047AC02 /* TCATSMover3D.cpp in Sources */,
				ED208EAF150D637F0047AC02 /* TClassID.cpp in Sources */,
				ED208EB0150D637F0047AC02 /* TComponentMover.cpp in Sources */,
				ED208EB1150D637F0047AC02 /* TCompoundMap.cpp in Sources */,
				ED208EB2150D637F0047AC02 /* TCompoundMover.cpp in Sources */,
				ED208EB3150D637F0047AC02 /* TCurrentMover.cpp in Sources */,
				ED208EB4150D637F0047AC02 /* TextRect.cpp in Sources */,
				ED208EB5150D637F0047AC02 /* TideCurCycleMover.cpp in Sources */,
				ED208EB6150D637F0047AC02 /* TimeValuesIO.cpp in Sources */,
				ED208EB7150D637F0047AC02 /* TimUtils.cpp in Sources */,
				ED208EB8150D637F0047AC02 /* TMap.cpp in Sources */,
				ED208EB9150D637F0047AC02 /* TModel.cpp in Sources */,
				ED208EBA150D637F0047AC02 /* TMover.cpp in Sources */,
				ED208EBB150D637F0047AC02 /* TOSSMMap.cpp in Sources */,
				ED208EBC150D637F0047AC02 /* TOSSMTimeValue.cpp in Sources */,
				ED208EBD150D637F0047AC02 /* TRandom.cpp in Sources */,
				ED208EBE150D637F0047AC02 /* TRandom3D.cpp in Sources */,
				ED208EBF150D637F0047AC02 /* TriCurMover.cpp in Sources */,
				ED208EC0150D637F0047AC02 /* TShioTimeValue.cpp in Sources */,
				ED208EC1150D637F0047AC02 /* TSprayLEList.CPP in Sources */,
				ED208EC2150D637F0047AC02 /* TTimeValue.cpp in Sources */,
				ED208EC3150D637F0047AC02 /* TVectMap.cpp in Sources */,
				ED208EC4150D637F0047AC02 /* TWeather.cpp in Sources */,
				ED208EC5150D637F0047AC02 /* TWindMover.cpp in Sources */,
				ED208EC6150D637F0047AC02 /* Uncertainty.cpp in Sources */,
				ED208EC7150D637F0047AC02 /* UTILS.CPP in Sources */,
				ED208EC8150D637F0047AC02 /* VLIST.CPP in Sources */,
				ED208EC9150D637F0047AC02 /* WindUncertainty.cpp in Sources */,
				ED208ECA150D637F0047AC02 /* Wizard.cpp in Sources */,
				ED208ECB150D637F0047AC02 /* ADCPMover_c.cpp in Sources */,
				ED208ECC150D637F0047AC02 /* ADCPTimeValue_c.cpp in Sources */,
				ED208ECD150D637F0047AC02 /* CATSMover3D_c.cpp in Sources */,
				ED208ECE150D637F0047AC02 /* CATSMover_c.cpp in Sources */,
				ED208ECF150D637F0047AC02 /* ClassID_c.cpp in Sources */,
				ED208ED0150D637F0047AC02 /* ComponentMover_c.cpp in Sources */,
				ED208ED1150D637F0047AC02 /* CompoundMap_c.cpp in Sources */,
				ED208ED2150D637F0047AC02 /* CompoundMover_c.cpp in Sources */,
				ED208ED3150D637F0047AC02 /* CurrentMover_c.cpp in Sources */,
				ED208ED4150D637F0047AC02 /* GridCurMover_c.cpp in Sources */,
				ED208ED5150D637F0047AC02 /* GridWindMover_c.cpp in Sources */,
				ED208ED6150D637F0047AC02 /* Map_c.cpp in Sources */,
				ED208ED7150D637F0047AC02 /* Model_c.cpp in Sources */,
				ED208ED8150D637F0047AC02 /* Mover_c.cpp in Sources */,
				ED208ED9150D637F0047AC02 /* NetCDFMover_c.cpp in Sources */,
				ED208EDA150D637F0047AC02 /* NetCDFMoverCurv_c.cpp in Sources */,
				ED208EDB150D637F0047AC02 /* NetCDFMoverTri_c.cpp in Sources */,
				ED208EDC150D637F0047AC02 /* NetCDFWindMover_c.cpp in Sources */,
				ED208EDD150D637F0047AC02 /* NetCDFWindMoverCurv_c.cpp in Sources */,
				ED208EDE150D637F0047AC02 /* OSSMTimeValue_c.cpp in Sources */,
				ED208EDF150D637F0047AC02 /* PtCurMap_c.cpp in Sources */,
				ED208EE0150D637F0047AC02 /* PtCurMover_c.cpp in Sources */,
				ED208EE1150D637F0047AC02 /* Random3D_c.cpp in Sources */,
				ED208EE2150D637F0047AC02 /* Random_c.cpp in Sources */,
				ED208EE3150D637F0047AC02 /* TideCurCycleMover_c.cpp in Sources */,
				ED208EE4150D637F0047AC02 /* TimeValue_c.cpp in Sources */,
				ED208EE5150D637F0047AC02 /* TriCurMover_c.cpp in Sources */,
				ED208EE6150D637F0047AC02 /* WindMover_c.cpp in Sources */,
				ED208F19150D67EF0047AC02 /* GEOMETR2.CPP in Sources */,
				ED208F1A150D67EF0047AC02 /* GEOMETRY.CPP in Sources */,
				ED208F1B150D67EF0047AC02 /* RectUtils.cpp in Sources */,
				ED208F42150D6B880047AC02 /* CMYLIST.CPP in Sources */,
				ED20902A150D7B040047AC02 /* TriGridVel_c.cpp in Sources */,
				ED20903F150D7CC90047AC02 /* DagTree.cpp in Sources */,
				ED209040150D7CC90047AC02 /* DagTreeIO.cpp in Sources */,
				ED209063150D7DD30047AC02 /* MemUtils.cpp in Sources */,
				ED3F62F5150D92A000612E48 /* VectMap_c.cpp in Sources */,
				ED3F6323150D953200612E48 /* CompFunctions.cpp in Sources */,
			);
			runOnlyForDeploymentPostprocessing = 0;
		};
/* End PBXSourcesBuildPhase section */

/* Begin XCBuildConfiguration section */
		0D4816C40E1D4CBA00EA36C9 /* Debug */ = {
			isa = XCBuildConfiguration;
			buildSettings = {
				ARCHS = (
					ppc,
					i386,
				);
				COPYING_PRESERVES_HFS_DATA = YES;
				COPY_PHASE_STRIP = NO;
				GCC_INPUT_FILETYPE = sourcecode.cpp.cpp;
				GCC_PRECOMPILE_PREFIX_HEADER = YES;
				GCC_PREFIX_HEADER = macdef.prefix;
				SDKROOT = /Developer/SDKs/MacOSX10.5.sdk;
				USER_HEADER_SEARCH_PATHS = "../gui_gnome ../lib_gnome";
			};
			name = Debug;
		};
		0D4816C50E1D4CBA00EA36C9 /* Release */ = {
			isa = XCBuildConfiguration;
			buildSettings = {
				COPY_PHASE_STRIP = YES;
				SDKROOT = "$(DEVELOPER_SDK_DIR)/MacOSX10.6.sdk";
			};
			name = Release;
		};
		0D48175B0E1D4EAA00EA36C9 /* Debug */ = {
			isa = XCBuildConfiguration;
			buildSettings = {
				COPY_PHASE_STRIP = NO;
				GCC_GENERATE_DEBUGGING_SYMBOLS = YES;
				GCC_MODEL_TUNING = G5;
				GCC_OPTIMIZATION_LEVEL = 0;
				GCC_PRECOMPILE_PREFIX_HEADER = YES;
				GCC_PREFIX_HEADER = MacResources/macdef.prefix;
				HEADER_SEARCH_PATHS = (
					/Developer/Headers/FlatCarbon/,
					/usr/local/include,
				);
				INFOPLIST_FILE = "MacResources/gnome-Info.plist";
				INSTALL_PATH = "$(USER_APPS_DIR)";
				LIBRARY_SEARCH_PATHS = "";
				OTHER_CFLAGS = "";
				OTHER_LDFLAGS = (
					"-framework",
					Carbon,
					"-framework",
					QuickTime,
					../third_party_lib/libnetcdf.a,
				);
				OTHER_REZFLAGS = "";
				PREBINDING = NO;
				PRODUCT_NAME = gnome;
				SDKROOT = /Developer/SDKs/MacOSX10.5.sdk;
				SECTORDER_FLAGS = "";
				WARNING_CFLAGS = (
					"-Wmost",
					"-Wno-four-char-constants",
					"-Wno-unknown-pragmas",
					"-Wno-unused-variable",
				);
			};
			name = Debug;
		};
		0D48175C0E1D4EAA00EA36C9 /* Release */ = {
			isa = XCBuildConfiguration;
			buildSettings = {
				COPY_PHASE_STRIP = YES;
				GCC_GENERATE_DEBUGGING_SYMBOLS = NO;
				GCC_MODEL_TUNING = G5;
				GCC_OPTIMIZATION_LEVEL = 0;
				GCC_PRECOMPILE_PREFIX_HEADER = YES;
				GCC_PREFIX_HEADER = "$(SYSTEM_LIBRARY_DIR)/Frameworks/Carbon.framework/Headers/Carbon.h";
				INFOPLIST_FILE = "gnome-Info.plist";
				INSTALL_PATH = "$(USER_APPS_DIR)";
				OTHER_CFLAGS = "";
				OTHER_LDFLAGS = (
					"-framework",
					Carbon,
				);
				OTHER_REZFLAGS = "";
				PREBINDING = NO;
				PRODUCT_NAME = gnome_xcode;
				SECTORDER_FLAGS = "";
				WARNING_CFLAGS = (
					"-Wmost",
					"-Wno-four-char-constants",
					"-Wno-unknown-pragmas",
				);
			};
			name = Release;
		};
/* End XCBuildConfiguration section */

/* Begin XCConfigurationList section */
		0D4816C30E1D4CBA00EA36C9 /* Build configuration list for PBXProject "gnome" */ = {
			isa = XCConfigurationList;
			buildConfigurations = (
				0D4816C40E1D4CBA00EA36C9 /* Debug */,
				0D4816C50E1D4CBA00EA36C9 /* Release */,
			);
			defaultConfigurationIsVisible = 0;
			defaultConfigurationName = Release;
		};
		0D48175A0E1D4EAA00EA36C9 /* Build configuration list for PBXNativeTarget "gnome" */ = {
			isa = XCConfigurationList;
			buildConfigurations = (
				0D48175B0E1D4EAA00EA36C9 /* Debug */,
				0D48175C0E1D4EAA00EA36C9 /* Release */,
			);
			defaultConfigurationIsVisible = 0;
			defaultConfigurationName = Release;
		};
/* End XCConfigurationList section */
	};
	rootObject = 0D4816C20E1D4CBA00EA36C9 /* Project object */;
}
